
Microsoft Visual Studio Solution File, Format Version 12.00
# Visual Studio Version 16
VisualStudioVersion = 16.0.30517.126
MinimumVisualStudioVersion = 10.0.40219.1
Project("{2150E333-8FDC-42A3-9474-1A3956D46DE8}") = "Part-06", "Part-06", "{F586F902-F7A9-4C26-8AC7-FD520BF6E869}"
EndProject
Project("{2150E333-8FDC-42A3-9474-1A3956D46DE8}") = "01-Serialization", "01-Serialization", "{5B459D5F-F14D-409A-A1A8-50266BE83285}"
EndProject
Project("{2150E333-8FDC-42A3-9474-1A3956D46DE8}") = "02-Collections", "02-Collections", "{1CA9993A-4808-482D-B33D-F8A2372DFDE2}"
EndProject
Project("{FAE04EC0-301F-11D3-BF4B-00C04F79EFBC}") = "BinarySerialization", "CertificacaoCSharp\Part6\01-Serialization\BinarySerialization\BinarySerialization.csproj", "{41ED6BA3-8C4F-4AF6-8632-328C4FDCC72D}"
EndProject
Project("{FAE04EC0-301F-11D3-BF4B-00C04F79EFBC}") = "CustomContract", "CertificacaoCSharp\Part6\01-Serialization\CustomContract\CustomContract.csproj", "{129F5C4D-7582-45D9-96DC-5335A1B771F3}"
EndProject
Project("{FAE04EC0-301F-11D3-BF4B-00C04F79EFBC}") = "DataContract", "CertificacaoCSharp\Part6\01-Serialization\DataContract\DataContract.csproj", "{54FE3EF3-4C4A-4D0C-B49F-AA248555C333}"
EndProject
Project("{FAE04EC0-301F-11D3-BF4B-00C04F79EFBC}") = "JSON", "CertificacaoCSharp\Part6\01-Serialization\JSON\JSON.csproj", "{9BC21CF6-B812-4EF2-8D8C-02B9ABD7717D}"
EndProject
Project("{FAE04EC0-301F-11D3-BF4B-00C04F79EFBC}") = "Arrays", "CertificacaoCSharp\Part6\02-Collections\Arrays\Arrays.csproj", "{8C13EE26-D44A-4C10-967E-0C8BA6AD7DA0}"
EndProject
Project("{FAE04EC0-301F-11D3-BF4B-00C04F79EFBC}") = "Lists", "CertificacaoCSharp\Part6\02-Collections\Lists\Lists.csproj", "{3968B70F-1F0A-4A7B-B60F-779355644EA1}"
EndProject
Project("{FAE04EC0-301F-11D3-BF4B-00C04F79EFBC}") = "ReadOnlyLists", "CertificacaoCSharp\Part6\02-Collections\ReadOnlyLists\ReadOnlyLists.csproj", "{28658AC9-4CE2-425A-A70D-2B64FBA55A8C}"
EndProject
Project("{FAE04EC0-301F-11D3-BF4B-00C04F79EFBC}") = "Sets", "CertificacaoCSharp\Part6\02-Collections\Sets\Sets.csproj", "{2E618010-995E-47B7-9DCC-33A59CA724BA}"
EndProject
Project("{FAE04EC0-301F-11D3-BF4B-00C04F79EFBC}") = "Dictionaries", "CertificacaoCSharp\Part6\02-Collections\Dictionaries\Dictionaries.csproj", "{6041F15B-E2FE-48F8-BFDD-9F2639CB05FE}"
EndProject
Project("{FAE04EC0-301F-11D3-BF4B-00C04F79EFBC}") = "Queues", "CertificacaoCSharp\Part6\02-Collections\Queues\Queues.csproj", "{9CBB0593-29A9-431D-8892-66C3CCC06970}"
EndProject
Project("{FAE04EC0-301F-11D3-BF4B-00C04F79EFBC}") = "CustomCollections", "CertificacaoCSharp\Part6\02-Collections\CustomCollections\CustomCollections.csproj", "{ED0291FD-8459-4730-8C2E-513B3F77676A}"
EndProject
Project("{2150E333-8FDC-42A3-9474-1A3956D46DE8}") = "Part-07", "Part-07", "{C6F94C3B-3EA1-40B8-983D-9D32D11FF59A}"
EndProject
Project("{2150E333-8FDC-42A3-9474-1A3956D46DE8}") = "01-Events", "01-Events", "{40C07BEE-85FB-41EE-9D19-996E4D405B77}"
EndProject
Project("{9A19103F-16F7-4668-BE54-9A1E7A4F7556}") = "Events", "CertificacaoCSharp\Part7\01-Events\Events\Events.csproj", "{84A2D8A3-178C-4C9F-B53C-8919ABB78F26}"
EndProject
Project("{9A19103F-16F7-4668-BE54-9A1E7A4F7556}") = "Delegates", "CertificacaoCSharp\Part7\01-Events\Delegates\Delegates.csproj", "{6FB15C98-7918-4112-B2D0-16F0878C88F5}"
EndProject
Project("{9A19103F-16F7-4668-BE54-9A1E7A4F7556}") = "Lambda", "CertificacaoCSharp\Part7\01-Events\Lambda\Lambda.csproj", "{FFC5FAA3-AF82-4DD0-AC3A-07A9D5E547F2}"
EndProject
Project("{2150E333-8FDC-42A3-9474-1A3956D46DE8}") = "02-LINQ", "02-LINQ", "{AAC58FE6-BDD0-490E-9EA1-308BFA9A0006}"
EndProject
Project("{9A19103F-16F7-4668-BE54-9A1E7A4F7556}") = "MethodSintax", "CertificacaoCSharp\Part7\02-LINQ\MethodSintax\MethodSintax.csproj", "{78CA1A53-C865-48FC-AA86-B73FE3A95623}"
EndProject
Project("{9A19103F-16F7-4668-BE54-9A1E7A4F7556}") = "QuerySintax", "CertificacaoCSharp\Part7\02-LINQ\QuerySintax\QuerySintax.csproj", "{98F8F1E5-FCC7-40B3-9528-57B39F319D82}"
EndProject
Project("{9A19103F-16F7-4668-BE54-9A1E7A4F7556}") = "QueryExecution", "CertificacaoCSharp\Part7\02-LINQ\QueryExecution\QueryExecution.csproj", "{B68B8465-13E5-49FF-9566-80E7A4D2E603}"
EndProject
Project("{9A19103F-16F7-4668-BE54-9A1E7A4F7556}") = "XMLQuery", "CertificacaoCSharp\Part7\02-LINQ\XMLQuery\XMLQuery.csproj", "{AA2452BF-13AB-4BCB-AED6-D2DD061006A6}"
EndProject
Project("{2150E333-8FDC-42A3-9474-1A3956D46DE8}") = "Part-08", "Part-08", "{107A5B81-419D-4C5A-9545-10FDF169A9DD}"
EndProject
Project("{9A19103F-16F7-4668-BE54-9A1E7A4F7556}") = "FileSystem", "CertificacaoCSharp\Part8\FileSystem\FileSystem.csproj", "{520DD8F2-92FA-42CF-A0B2-B2521569CC8E}"
EndProject
Project("{9A19103F-16F7-4668-BE54-9A1E7A4F7556}") = "WebHandling", "CertificacaoCSharp\Part8\WebHandling\WebHandling.csproj", "{E659743C-164A-44B7-A59B-7DE857686A8B}"
EndProject
Project("{FAE04EC0-301F-11D3-BF4B-00C04F79EFBC}") = "WinFormsAsync", "CertificacaoCSharp\Part8\WinFormsAsync\WinFormsAsync.csproj", "{D886C993-4FC8-46E3-900F-B586B3876F2E}"
EndProject
Project("{FAE04EC0-301F-11D3-BF4B-00C04F79EFBC}") = "DatabaseHandling", "CertificacaoCSharp\Part8\DatabaseHandling\DatabaseHandling.csproj", "{5ECFFEC3-8ADE-4EA1-B0B5-A2C659C40DE9}"
EndProject
Global
	GlobalSection(SolutionConfigurationPlatforms) = preSolution
		Debug|Any CPU = Debug|Any CPU
		Release|Any CPU = Release|Any CPU
	EndGlobalSection
	GlobalSection(ProjectConfigurationPlatforms) = postSolution
		{41ED6BA3-8C4F-4AF6-8632-328C4FDCC72D}.Debug|Any CPU.ActiveCfg = Debug|Any CPU
		{41ED6BA3-8C4F-4AF6-8632-328C4FDCC72D}.Debug|Any CPU.Build.0 = Debug|Any CPU
		{41ED6BA3-8C4F-4AF6-8632-328C4FDCC72D}.Release|Any CPU.ActiveCfg = Release|Any CPU
		{41ED6BA3-8C4F-4AF6-8632-328C4FDCC72D}.Release|Any CPU.Build.0 = Release|Any CPU
		{129F5C4D-7582-45D9-96DC-5335A1B771F3}.Debug|Any CPU.ActiveCfg = Debug|Any CPU
		{129F5C4D-7582-45D9-96DC-5335A1B771F3}.Debug|Any CPU.Build.0 = Debug|Any CPU
		{129F5C4D-7582-45D9-96DC-5335A1B771F3}.Release|Any CPU.ActiveCfg = Release|Any CPU
		{129F5C4D-7582-45D9-96DC-5335A1B771F3}.Release|Any CPU.Build.0 = Release|Any CPU
		{54FE3EF3-4C4A-4D0C-B49F-AA248555C333}.Debug|Any CPU.ActiveCfg = Debug|Any CPU
		{54FE3EF3-4C4A-4D0C-B49F-AA248555C333}.Debug|Any CPU.Build.0 = Debug|Any CPU
		{54FE3EF3-4C4A-4D0C-B49F-AA248555C333}.Release|Any CPU.ActiveCfg = Release|Any CPU
		{54FE3EF3-4C4A-4D0C-B49F-AA248555C333}.Release|Any CPU.Build.0 = Release|Any CPU
		{9BC21CF6-B812-4EF2-8D8C-02B9ABD7717D}.Debug|Any CPU.ActiveCfg = Debug|Any CPU
		{9BC21CF6-B812-4EF2-8D8C-02B9ABD7717D}.Debug|Any CPU.Build.0 = Debug|Any CPU
		{9BC21CF6-B812-4EF2-8D8C-02B9ABD7717D}.Release|Any CPU.ActiveCfg = Release|Any CPU
		{9BC21CF6-B812-4EF2-8D8C-02B9ABD7717D}.Release|Any CPU.Build.0 = Release|Any CPU
		{8C13EE26-D44A-4C10-967E-0C8BA6AD7DA0}.Debug|Any CPU.ActiveCfg = Debug|Any CPU
		{8C13EE26-D44A-4C10-967E-0C8BA6AD7DA0}.Debug|Any CPU.Build.0 = Debug|Any CPU
		{8C13EE26-D44A-4C10-967E-0C8BA6AD7DA0}.Release|Any CPU.ActiveCfg = Release|Any CPU
		{8C13EE26-D44A-4C10-967E-0C8BA6AD7DA0}.Release|Any CPU.Build.0 = Release|Any CPU
		{3968B70F-1F0A-4A7B-B60F-779355644EA1}.Debug|Any CPU.ActiveCfg = Debug|Any CPU
		{3968B70F-1F0A-4A7B-B60F-779355644EA1}.Debug|Any CPU.Build.0 = Debug|Any CPU
		{3968B70F-1F0A-4A7B-B60F-779355644EA1}.Release|Any CPU.ActiveCfg = Release|Any CPU
		{3968B70F-1F0A-4A7B-B60F-779355644EA1}.Release|Any CPU.Build.0 = Release|Any CPU
		{28658AC9-4CE2-425A-A70D-2B64FBA55A8C}.Debug|Any CPU.ActiveCfg = Debug|Any CPU
		{28658AC9-4CE2-425A-A70D-2B64FBA55A8C}.Debug|Any CPU.Build.0 = Debug|Any CPU
		{28658AC9-4CE2-425A-A70D-2B64FBA55A8C}.Release|Any CPU.ActiveCfg = Release|Any CPU
		{28658AC9-4CE2-425A-A70D-2B64FBA55A8C}.Release|Any CPU.Build.0 = Release|Any CPU
		{2E618010-995E-47B7-9DCC-33A59CA724BA}.Debug|Any CPU.ActiveCfg = Debug|Any CPU
		{2E618010-995E-47B7-9DCC-33A59CA724BA}.Debug|Any CPU.Build.0 = Debug|Any CPU
		{2E618010-995E-47B7-9DCC-33A59CA724BA}.Release|Any CPU.ActiveCfg = Release|Any CPU
		{2E618010-995E-47B7-9DCC-33A59CA724BA}.Release|Any CPU.Build.0 = Release|Any CPU
		{6041F15B-E2FE-48F8-BFDD-9F2639CB05FE}.Debug|Any CPU.ActiveCfg = Debug|Any CPU
		{6041F15B-E2FE-48F8-BFDD-9F2639CB05FE}.Debug|Any CPU.Build.0 = Debug|Any CPU
		{6041F15B-E2FE-48F8-BFDD-9F2639CB05FE}.Release|Any CPU.ActiveCfg = Release|Any CPU
		{6041F15B-E2FE-48F8-BFDD-9F2639CB05FE}.Release|Any CPU.Build.0 = Release|Any CPU
		{9CBB0593-29A9-431D-8892-66C3CCC06970}.Debug|Any CPU.ActiveCfg = Debug|Any CPU
		{9CBB0593-29A9-431D-8892-66C3CCC06970}.Debug|Any CPU.Build.0 = Debug|Any CPU
		{9CBB0593-29A9-431D-8892-66C3CCC06970}.Release|Any CPU.ActiveCfg = Release|Any CPU
		{9CBB0593-29A9-431D-8892-66C3CCC06970}.Release|Any CPU.Build.0 = Release|Any CPU
		{ED0291FD-8459-4730-8C2E-513B3F77676A}.Debug|Any CPU.ActiveCfg = Debug|Any CPU
		{ED0291FD-8459-4730-8C2E-513B3F77676A}.Debug|Any CPU.Build.0 = Debug|Any CPU
		{ED0291FD-8459-4730-8C2E-513B3F77676A}.Release|Any CPU.ActiveCfg = Release|Any CPU
		{ED0291FD-8459-4730-8C2E-513B3F77676A}.Release|Any CPU.Build.0 = Release|Any CPU
		{84A2D8A3-178C-4C9F-B53C-8919ABB78F26}.Debug|Any CPU.ActiveCfg = Debug|Any CPU
		{84A2D8A3-178C-4C9F-B53C-8919ABB78F26}.Debug|Any CPU.Build.0 = Debug|Any CPU
		{84A2D8A3-178C-4C9F-B53C-8919ABB78F26}.Release|Any CPU.ActiveCfg = Release|Any CPU
		{84A2D8A3-178C-4C9F-B53C-8919ABB78F26}.Release|Any CPU.Build.0 = Release|Any CPU
		{6FB15C98-7918-4112-B2D0-16F0878C88F5}.Debug|Any CPU.ActiveCfg = Debug|Any CPU
		{6FB15C98-7918-4112-B2D0-16F0878C88F5}.Debug|Any CPU.Build.0 = Debug|Any CPU
		{6FB15C98-7918-4112-B2D0-16F0878C88F5}.Release|Any CPU.ActiveCfg = Release|Any CPU
		{6FB15C98-7918-4112-B2D0-16F0878C88F5}.Release|Any CPU.Build.0 = Release|Any CPU
		{FFC5FAA3-AF82-4DD0-AC3A-07A9D5E547F2}.Debug|Any CPU.ActiveCfg = Debug|Any CPU
		{FFC5FAA3-AF82-4DD0-AC3A-07A9D5E547F2}.Debug|Any CPU.Build.0 = Debug|Any CPU
		{FFC5FAA3-AF82-4DD0-AC3A-07A9D5E547F2}.Release|Any CPU.ActiveCfg = Release|Any CPU
		{FFC5FAA3-AF82-4DD0-AC3A-07A9D5E547F2}.Release|Any CPU.Build.0 = Release|Any CPU
		{78CA1A53-C865-48FC-AA86-B73FE3A95623}.Debug|Any CPU.ActiveCfg = Debug|Any CPU
		{78CA1A53-C865-48FC-AA86-B73FE3A95623}.Debug|Any CPU.Build.0 = Debug|Any CPU
		{78CA1A53-C865-48FC-AA86-B73FE3A95623}.Release|Any CPU.ActiveCfg = Release|Any CPU
		{78CA1A53-C865-48FC-AA86-B73FE3A95623}.Release|Any CPU.Build.0 = Release|Any CPU
		{98F8F1E5-FCC7-40B3-9528-57B39F319D82}.Debug|Any CPU.ActiveCfg = Debug|Any CPU
		{98F8F1E5-FCC7-40B3-9528-57B39F319D82}.Debug|Any CPU.Build.0 = Debug|Any CPU
		{98F8F1E5-FCC7-40B3-9528-57B39F319D82}.Release|Any CPU.ActiveCfg = Release|Any CPU
		{98F8F1E5-FCC7-40B3-9528-57B39F319D82}.Release|Any CPU.Build.0 = Release|Any CPU
		{B68B8465-13E5-49FF-9566-80E7A4D2E603}.Debug|Any CPU.ActiveCfg = Debug|Any CPU
		{B68B8465-13E5-49FF-9566-80E7A4D2E603}.Debug|Any CPU.Build.0 = Debug|Any CPU
		{B68B8465-13E5-49FF-9566-80E7A4D2E603}.Release|Any CPU.ActiveCfg = Release|Any CPU
		{B68B8465-13E5-49FF-9566-80E7A4D2E603}.Release|Any CPU.Build.0 = Release|Any CPU
		{AA2452BF-13AB-4BCB-AED6-D2DD061006A6}.Debug|Any CPU.ActiveCfg = Debug|Any CPU
		{AA2452BF-13AB-4BCB-AED6-D2DD061006A6}.Debug|Any CPU.Build.0 = Debug|Any CPU
		{AA2452BF-13AB-4BCB-AED6-D2DD061006A6}.Release|Any CPU.ActiveCfg = Release|Any CPU
		{AA2452BF-13AB-4BCB-AED6-D2DD061006A6}.Release|Any CPU.Build.0 = Release|Any CPU
		{520DD8F2-92FA-42CF-A0B2-B2521569CC8E}.Debug|Any CPU.ActiveCfg = Debug|Any CPU
		{520DD8F2-92FA-42CF-A0B2-B2521569CC8E}.Debug|Any CPU.Build.0 = Debug|Any CPU
		{520DD8F2-92FA-42CF-A0B2-B2521569CC8E}.Release|Any CPU.ActiveCfg = Release|Any CPU
		{520DD8F2-92FA-42CF-A0B2-B2521569CC8E}.Release|Any CPU.Build.0 = Release|Any CPU
		{E659743C-164A-44B7-A59B-7DE857686A8B}.Debug|Any CPU.ActiveCfg = Debug|Any CPU
		{E659743C-164A-44B7-A59B-7DE857686A8B}.Debug|Any CPU.Build.0 = Debug|Any CPU
		{E659743C-164A-44B7-A59B-7DE857686A8B}.Release|Any CPU.ActiveCfg = Release|Any CPU
		{E659743C-164A-44B7-A59B-7DE857686A8B}.Release|Any CPU.Build.0 = Release|Any CPU
		{D886C993-4FC8-46E3-900F-B586B3876F2E}.Debug|Any CPU.ActiveCfg = Debug|Any CPU
		{D886C993-4FC8-46E3-900F-B586B3876F2E}.Debug|Any CPU.Build.0 = Debug|Any CPU
		{D886C993-4FC8-46E3-900F-B586B3876F2E}.Release|Any CPU.ActiveCfg = Release|Any CPU
		{D886C993-4FC8-46E3-900F-B586B3876F2E}.Release|Any CPU.Build.0 = Release|Any CPU
		{5ECFFEC3-8ADE-4EA1-B0B5-A2C659C40DE9}.Debug|Any CPU.ActiveCfg = Debug|Any CPU
		{5ECFFEC3-8ADE-4EA1-B0B5-A2C659C40DE9}.Debug|Any CPU.Build.0 = Debug|Any CPU
		{5ECFFEC3-8ADE-4EA1-B0B5-A2C659C40DE9}.Release|Any CPU.ActiveCfg = Release|Any CPU
		{5ECFFEC3-8ADE-4EA1-B0B5-A2C659C40DE9}.Release|Any CPU.Build.0 = Release|Any CPU
	EndGlobalSection
	GlobalSection(SolutionProperties) = preSolution
		HideSolutionNode = FALSE
	EndGlobalSection
	GlobalSection(NestedProjects) = preSolution
		{5B459D5F-F14D-409A-A1A8-50266BE83285} = {F586F902-F7A9-4C26-8AC7-FD520BF6E869}
		{1CA9993A-4808-482D-B33D-F8A2372DFDE2} = {F586F902-F7A9-4C26-8AC7-FD520BF6E869}
		{41ED6BA3-8C4F-4AF6-8632-328C4FDCC72D} = {5B459D5F-F14D-409A-A1A8-50266BE83285}
		{129F5C4D-7582-45D9-96DC-5335A1B771F3} = {5B459D5F-F14D-409A-A1A8-50266BE83285}
		{54FE3EF3-4C4A-4D0C-B49F-AA248555C333} = {5B459D5F-F14D-409A-A1A8-50266BE83285}
		{9BC21CF6-B812-4EF2-8D8C-02B9ABD7717D} = {5B459D5F-F14D-409A-A1A8-50266BE83285}
		{8C13EE26-D44A-4C10-967E-0C8BA6AD7DA0} = {1CA9993A-4808-482D-B33D-F8A2372DFDE2}
		{3968B70F-1F0A-4A7B-B60F-779355644EA1} = {1CA9993A-4808-482D-B33D-F8A2372DFDE2}
		{28658AC9-4CE2-425A-A70D-2B64FBA55A8C} = {1CA9993A-4808-482D-B33D-F8A2372DFDE2}
		{2E618010-995E-47B7-9DCC-33A59CA724BA} = {1CA9993A-4808-482D-B33D-F8A2372DFDE2}
		{6041F15B-E2FE-48F8-BFDD-9F2639CB05FE} = {1CA9993A-4808-482D-B33D-F8A2372DFDE2}
		{9CBB0593-29A9-431D-8892-66C3CCC06970} = {1CA9993A-4808-482D-B33D-F8A2372DFDE2}
		{ED0291FD-8459-4730-8C2E-513B3F77676A} = {1CA9993A-4808-482D-B33D-F8A2372DFDE2}
		{40C07BEE-85FB-41EE-9D19-996E4D405B77} = {C6F94C3B-3EA1-40B8-983D-9D32D11FF59A}
		{84A2D8A3-178C-4C9F-B53C-8919ABB78F26} = {40C07BEE-85FB-41EE-9D19-996E4D405B77}
		{6FB15C98-7918-4112-B2D0-16F0878C88F5} = {40C07BEE-85FB-41EE-9D19-996E4D405B77}
		{FFC5FAA3-AF82-4DD0-AC3A-07A9D5E547F2} = {40C07BEE-85FB-41EE-9D19-996E4D405B77}
		{AAC58FE6-BDD0-490E-9EA1-308BFA9A0006} = {C6F94C3B-3EA1-40B8-983D-9D32D11FF59A}
		{78CA1A53-C865-48FC-AA86-B73FE3A95623} = {AAC58FE6-BDD0-490E-9EA1-308BFA9A0006}
		{98F8F1E5-FCC7-40B3-9528-57B39F319D82} = {AAC58FE6-BDD0-490E-9EA1-308BFA9A0006}
		{B68B8465-13E5-49FF-9566-80E7A4D2E603} = {AAC58FE6-BDD0-490E-9EA1-308BFA9A0006}
		{AA2452BF-13AB-4BCB-AED6-D2DD061006A6} = {AAC58FE6-BDD0-490E-9EA1-308BFA9A0006}
		{520DD8F2-92FA-42CF-A0B2-B2521569CC8E} = {107A5B81-419D-4C5A-9545-10FDF169A9DD}
		{E659743C-164A-44B7-A59B-7DE857686A8B} = {107A5B81-419D-4C5A-9545-10FDF169A9DD}
		{D886C993-4FC8-46E3-900F-B586B3876F2E} = {107A5B81-419D-4C5A-9545-10FDF169A9DD}
		{5ECFFEC3-8ADE-4EA1-B0B5-A2C659C40DE9} = {107A5B81-419D-4C5A-9545-10FDF169A9DD}
	EndGlobalSection
	GlobalSection(ExtensibilityGlobals) = postSolution
		SolutionGuid = {0AAA9658-F25F-489F-A417-6E12F1801619}
	EndGlobalSection
EndGlobal
