
Microsoft Visual Studio Solution File, Format Version 12.00
# Visual Studio Version 16
VisualStudioVersion = 16.0.30517.126
MinimumVisualStudioVersion = 10.0.40219.1
Project("{2150E333-8FDC-42A3-9474-1A3956D46DE8}") = "Part-06", "Part-06", "{F586F902-F7A9-4C26-8AC7-FD520BF6E869}"
EndProject
Project("{2150E333-8FDC-42A3-9474-1A3956D46DE8}") = "01-Serialization", "01-Serialization", "{5B459D5F-F14D-409A-A1A8-50266BE83285}"
EndProject
Project("{2150E333-8FDC-42A3-9474-1A3956D46DE8}") = "02-Collections", "02-Collections", "{1CA9993A-4808-482D-B33D-F8A2372DFDE2}"
EndProject
Project("{FAE04EC0-301F-11D3-BF4B-00C04F79EFBC}") = "BinarySerialization", "CertificacaoCSharp\Part6\01-Serialization\BinarySerialization\BinarySerialization.csproj", "{41ED6BA3-8C4F-4AF6-8632-328C4FDCC72D}"
EndProject
Project("{FAE04EC0-301F-11D3-BF4B-00C04F79EFBC}") = "CustomContract", "CertificacaoCSharp\Part6\01-Serialization\CustomContract\CustomContract.csproj", "{129F5C4D-7582-45D9-96DC-5335A1B771F3}"
EndProject
Project("{FAE04EC0-301F-11D3-BF4B-00C04F79EFBC}") = "DataContract", "CertificacaoCSharp\Part6\01-Serialization\DataContract\DataContract.csproj", "{54FE3EF3-4C4A-4D0C-B49F-AA248555C333}"
EndProject
Project("{FAE04EC0-301F-11D3-BF4B-00C04F79EFBC}") = "JSON", "CertificacaoCSharp\Part6\01-Serialization\JSON\JSON.csproj", "{9BC21CF6-B812-4EF2-8D8C-02B9ABD7717D}"
EndProject
Project("{FAE04EC0-301F-11D3-BF4B-00C04F79EFBC}") = "Arrays", "CertificacaoCSharp\Part6\02-Collections\Arrays\Arrays.csproj", "{8C13EE26-D44A-4C10-967E-0C8BA6AD7DA0}"
EndProject
Project("{FAE04EC0-301F-11D3-BF4B-00C04F79EFBC}") = "Lists", "CertificacaoCSharp\Part6\02-Collections\Lists\Lists.csproj", "{3968B70F-1F0A-4A7B-B60F-779355644EA1}"
EndProject
Project("{FAE04EC0-301F-11D3-BF4B-00C04F79EFBC}") = "ReadOnlyLists", "CertificacaoCSharp\Part6\02-Collections\ReadOnlyLists\ReadOnlyLists.csproj", "{28658AC9-4CE2-425A-A70D-2B64FBA55A8C}"
EndProject
Project("{FAE04EC0-301F-11D3-BF4B-00C04F79EFBC}") = "Sets", "CertificacaoCSharp\Part6\02-Collections\Sets\Sets.csproj", "{2E618010-995E-47B7-9DCC-33A59CA724BA}"
EndProject
Project("{FAE04EC0-301F-11D3-BF4B-00C04F79EFBC}") = "Dictionaries", "CertificacaoCSharp\Part6\02-Collections\Dictionaries\Dictionaries.csproj", "{6041F15B-E2FE-48F8-BFDD-9F2639CB05FE}"
EndProject
Project("{FAE04EC0-301F-11D3-BF4B-00C04F79EFBC}") = "Queues", "CertificacaoCSharp\Part6\02-Collections\Queues\Queues.csproj", "{9CBB0593-29A9-431D-8892-66C3CCC06970}"
EndProject
Project("{FAE04EC0-301F-11D3-BF4B-00C04F79EFBC}") = "CustomCollections", "CertificacaoCSharp\Part6\02-Collections\CustomCollections\CustomCollections.csproj", "{ED0291FD-8459-4730-8C2E-513B3F77676A}"
EndProject
Project("{2150E333-8FDC-42A3-9474-1A3956D46DE8}") = "Part-07", "Part-07", "{C6F94C3B-3EA1-40B8-983D-9D32D11FF59A}"
EndProject
Project("{2150E333-8FDC-42A3-9474-1A3956D46DE8}") = "01-Events", "01-Events", "{40C07BEE-85FB-41EE-9D19-996E4D405B77}"
EndProject
Project("{9A19103F-16F7-4668-BE54-9A1E7A4F7556}") = "Events", "CertificacaoCSharp\Part7\01-Events\Events\Events.csproj", "{84A2D8A3-178C-4C9F-B53C-8919ABB78F26}"
EndProject
Project("{9A19103F-16F7-4668-BE54-9A1E7A4F7556}") = "Delegates", "CertificacaoCSharp\Part7\01-Events\Delegates\Delegates.csproj", "{6FB15C98-7918-4112-B2D0-16F0878C88F5}"
EndProject
Project("{9A19103F-16F7-4668-BE54-9A1E7A4F7556}") = "Lambda", "CertificacaoCSharp\Part7\01-Events\Lambda\Lambda.csproj", "{FFC5FAA3-AF82-4DD0-AC3A-07A9D5E547F2}"
EndProject
Project("{2150E333-8FDC-42A3-9474-1A3956D46DE8}") = "02-LINQ", "02-LINQ", "{AAC58FE6-BDD0-490E-9EA1-308BFA9A0006}"
EndProject
Project("{9A19103F-16F7-4668-BE54-9A1E7A4F7556}") = "MethodSintax", "CertificacaoCSharp\Part7\02-LINQ\MethodSintax\MethodSintax.csproj", "{78CA1A53-C865-48FC-AA86-B73FE3A95623}"
EndProject
Project("{9A19103F-16F7-4668-BE54-9A1E7A4F7556}") = "QuerySintax", "CertificacaoCSharp\Part7\02-LINQ\QuerySintax\QuerySintax.csproj", "{98F8F1E5-FCC7-40B3-9528-57B39F319D82}"
EndProject
Project("{9A19103F-16F7-4668-BE54-9A1E7A4F7556}") = "QueryExecution", "CertificacaoCSharp\Part7\02-LINQ\QueryExecution\QueryExecution.csproj", "{B68B8465-13E5-49FF-9566-80E7A4D2E603}"
EndProject
Project("{9A19103F-16F7-4668-BE54-9A1E7A4F7556}") = "XMLQuery", "CertificacaoCSharp\Part7\02-LINQ\XMLQuery\XMLQuery.csproj", "{AA2452BF-13AB-4BCB-AED6-D2DD061006A6}"
EndProject
Project("{2150E333-8FDC-42A3-9474-1A3956D46DE8}") = "Part-08", "Part-08", "{107A5B81-419D-4C5A-9545-10FDF169A9DD}"
EndProject
Project("{9A19103F-16F7-4668-BE54-9A1E7A4F7556}") = "FileSystem", "CertificacaoCSharp\Part8\FileSystem\FileSystem.csproj", "{520DD8F2-92FA-42CF-A0B2-B2521569CC8E}"
EndProject
Project("{9A19103F-16F7-4668-BE54-9A1E7A4F7556}") = "WebHandling", "CertificacaoCSharp\Part8\WebHandling\WebHandling.csproj", "{E659743C-164A-44B7-A59B-7DE857686A8B}"
EndProject
Project("{FAE04EC0-301F-11D3-BF4B-00C04F79EFBC}") = "WinFormsAsync", "CertificacaoCSharp\Part8\WinFormsAsync\WinFormsAsync.csproj", "{D886C993-4FC8-46E3-900F-B586B3876F2E}"
EndProject
Project("{9A19103F-16F7-4668-BE54-9A1E7A4F7556}") = "DatabaseHandling", "CertificacaoCSharp\Part8\DatabaseHandling\DatabaseHandling.csproj", "{5ECFFEC3-8ADE-4EA1-B0B5-A2C659C40DE9}"
EndProject
Project("{9A19103F-16F7-4668-BE54-9A1E7A4F7556}") = "DataServiceHandling", "CertificacaoCSharp\Part8\DataServiceHandling\DataServiceHandling.csproj", "{B668324F-4220-4D93-8307-28613D3C9996}"
EndProject
Project("{FAE04EC0-301F-11D3-BF4B-00C04F79EFBC}") = "ServiceTest", "CertificacaoCSharp\Part8\ServiceTest\ServiceTest.csproj", "{41B99B22-DFEE-4E30-8297-1AC53EFFD937}"
EndProject
Project("{2150E333-8FDC-42A3-9474-1A3956D46DE8}") = "Part-09", "Part-09", "{5228177E-5E1D-4EC7-873E-A23542C21526}"
EndProject
Project("{FAE04EC0-301F-11D3-BF4B-00C04F79EFBC}") = "Cinema", "CertificacaoCSharp\Part9\Cinema.Console\Cinema.csproj", "{A1E96233-13EF-4C41-967A-5DE891FADD09}"
EndProject
Project("{9A19103F-16F7-4668-BE54-9A1E7A4F7556}") = "Cinema.Dados", "CertificacaoCSharp\Part9\Cinema.Dados\Cinema.Dados.csproj", "{E9AF485D-1EB9-4F3A-BA0B-887A16A2F533}"
EndProject
Project("{FAE04EC0-301F-11D3-BF4B-00C04F79EFBC}") = "Cinema.Performance", "CertificacaoCSharp\Part9\Cinema.Performance\Cinema.Performance.csproj", "{586083F0-4E69-49F3-B1E8-E22224B78889}"
EndProject
Project("{2150E333-8FDC-42A3-9474-1A3956D46DE8}") = "Part-05", "Part-05", "{57D7B77E-6395-4D7A-AD39-BF4AC5A076AA}"
EndProject
Project("{2150E333-8FDC-42A3-9474-1A3956D46DE8}") = "01-MemoryManagement", "01-MemoryManagement", "{0F95B2AF-3567-4F89-AB5B-B0EACB2E1A20}"
EndProject
Project("{FAE04EC0-301F-11D3-BF4B-00C04F79EFBC}") = "MemoryManagement", "CertificacaoCSharp\Part5\01-MemoryManagement\MemoryManagement.csproj", "{8E1D67EA-B7A4-4FBD-B326-E790F4B31988}"
EndProject
Project("{2150E333-8FDC-42A3-9474-1A3956D46DE8}") = "02-Strings", "02-Strings", "{BCE2EC8E-8248-4FF2-890D-4CE6BB378867}"
EndProject
Project("{FAE04EC0-301F-11D3-BF4B-00C04F79EFBC}") = "Strings", "CertificacaoCSharp\Part5\02-Strings\Strings.csproj", "{B32FA4D5-88E3-4E09-8525-A3B4DC3BF791}"
EndProject
Project("{2150E333-8FDC-42A3-9474-1A3956D46DE8}") = "Part-04", "Part-04", "{50A865EB-FF47-402A-BA57-FF12421E5195}"
EndProject
Project("{2150E333-8FDC-42A3-9474-1A3956D46DE8}") = "01-ProgramFlow", "01-ProgramFlow", "{3F0CF0B4-35BA-487E-870F-444E71881915}"
EndProject
Project("{9A19103F-16F7-4668-BE54-9A1E7A4F7556}") = "IfElseSwith", "CertificacaoCSharp\Part4\01-ProgramFlow\IfElseSwith\IfElseSwith.csproj", "{E82AA93C-1F91-45F3-BE5D-B777998D600B}"
EndProject
Project("{9A19103F-16F7-4668-BE54-9A1E7A4F7556}") = "ConditionalBuild", "CertificacaoCSharp\Part4\01-ProgramFlow\ConditionalBuild\ConditionalBuild.csproj", "{8E140F41-5F47-4463-B68A-01B27B6C5FE3}"
EndProject
Project("{9A19103F-16F7-4668-BE54-9A1E7A4F7556}") = "WhileDo", "CertificacaoCSharp\Part4\01-ProgramFlow\WhileDo\WhileDo.csproj", "{A7C077BD-A6DA-4BBC-AE03-3AA9BF9E865D}"
EndProject
Project("{9A19103F-16F7-4668-BE54-9A1E7A4F7556}") = "ForForEach", "CertificacaoCSharp\Part4\01-ProgramFlow\ForForEach\ForForEach.csproj", "{E0AFCCAA-E915-4D1E-9D98-D94F4F82F2DE}"
EndProject
Project("{2150E333-8FDC-42A3-9474-1A3956D46DE8}") = "02-WorkingWithExceptions", "02-WorkingWithExceptions", "{1A3D1993-5AA6-4DC2-9021-55BD243881AD}"
EndProject
Project("{FAE04EC0-301F-11D3-BF4B-00C04F79EFBC}") = "ExceptionHandling", "CertificacaoCSharp\Part4\02-WorkingWithExceptions\ExceptionHandling\ExceptionHandling.csproj", "{F34EFC75-99B3-4EA4-86E1-F3C5C47540C5}"
EndProject
Project("{2150E333-8FDC-42A3-9474-1A3956D46DE8}") = "Part-10", "Part-10", "{5456DC10-D929-4F6E-BE41-627ABE24CEAE}"
EndProject
Project("{9A19103F-16F7-4668-BE54-9A1E7A4F7556}") = "Attributes-CreateAndApply", "CertificacaoCSharp\Part10\01-Attributes-CreateAndApply\Attributes-CreateAndApply.csproj", "{6C21D73E-A1E7-4A8A-94BE-CC9FC5A8E9F2}"
EndProject
Project("{9A19103F-16F7-4668-BE54-9A1E7A4F7556}") = "Attributes-Read", "CertificacaoCSharp\Part10\02-Attributes-Read\Attributes-Read.csproj", "{E9587237-27C1-4CC5-8743-91BEFCD347B0}"
EndProject
Project("{9A19103F-16F7-4668-BE54-9A1E7A4F7556}") = "UsingReflection", "CertificacaoCSharp\Part10\03-UsingReflection\UsingReflection.csproj", "{A1F44886-B29B-4B9E-B391-622872D3117D}"
EndProject
Project("{9A19103F-16F7-4668-BE54-9A1E7A4F7556}") = "CodeGenerating", "CertificacaoCSharp\Part10\04-CodeGenerating\CodeGenerating.csproj", "{F308D4FD-6FE3-43AC-8019-62CFCA930C35}"
EndProject
Project("{9A19103F-16F7-4668-BE54-9A1E7A4F7556}") = "CodeGenerating-ExpressionTree", "CertificacaoCSharp\Part10\04-CodeGenerating-ExpressionTree\CodeGenerating-ExpressionTree.csproj", "{5AF77ACB-F0BF-4DA8-8540-F2717CF552F9}"
EndProject
Project("{9A19103F-16F7-4668-BE54-9A1E7A4F7556}") = "Reflection-GetModulesTypesMembers", "CertificacaoCSharp\Part10\05-Reflection-GetModulesTypesMembers\Reflection-GetModulesTypesMembers.csproj", "{9907B5DF-49E6-4429-B0C3-99A0C6B076E5}"
EndProject
Project("{9A19103F-16F7-4668-BE54-9A1E7A4F7556}") = "Reflection-DiscoveringClassProperties", "CertificacaoCSharp\Part10\05-Reflection-DiscoveringClassProperties\Reflection-DiscoveringClassProperties.csproj", "{2C56DAE1-EC50-4E23-BB1D-4570A18EE150}"
EndProject
Project("{2150E333-8FDC-42A3-9474-1A3956D46DE8}") = "Part11", "Part11", "{450A5E30-CC1D-4D9B-844F-48BF0439D2CB}"
EndProject
Project("{9A19103F-16F7-4668-BE54-9A1E7A4F7556}") = "TasksInSeriesAndParallel", "CertificacaoCSharp\Part11\01-Tasks-SeriesAndParallel\TasksInSeriesAndParallel.csproj", "{55E9FE7B-4133-49B7-88FB-96CBF1FA0688}"
EndProject
Project("{9A19103F-16F7-4668-BE54-9A1E7A4F7556}") = "ManyTasksInParallel", "CertificacaoCSharp\Part11\01-ManyTasksInParallel\ManyTasksInParallel.csproj", "{B9016182-CD94-497F-9AE7-DB30B2FAB441}"
EndProject
Project("{FAE04EC0-301F-11D3-BF4B-00C04F79EFBC}") = "StopingParallelLoop", "CertificacaoCSharp\Part11\01-StopingParallelLoop\StopingParallelLoop.csproj", "{60E847A3-F654-45D7-A94E-E32493DCD08D}"
EndProject
Project("{2150E333-8FDC-42A3-9474-1A3956D46DE8}") = "01-Parallelism", "01-Parallelism", "{9F1AD3FD-A675-4C1D-AEA6-118AFDA42FEE}"
EndProject
Project("{2150E333-8FDC-42A3-9474-1A3956D46DE8}") = "02-PLINQ", "02-PLINQ", "{7D73C24B-D9DB-4983-BC7E-F44A98604372}"
EndProject
Project("{FAE04EC0-301F-11D3-BF4B-00C04F79EFBC}") = "PLINQ", "CertificacaoCSharp\Part11\02-PLINQ\PLINQ.csproj", "{10C7A355-3F96-4CD2-8085-A769F228E2E3}"
EndProject
Project("{2150E333-8FDC-42A3-9474-1A3956D46DE8}") = "03-Tasks", "03-Tasks", "{D43F2F74-394D-4FE0-A89D-9A156607492D}"
EndProject
Project("{2150E333-8FDC-42A3-9474-1A3956D46DE8}") = "04-Threads", "04-Threads", "{C7946E05-FDB6-44ED-A7F6-CA2BBC703707}"
EndProject
Project("{FAE04EC0-301F-11D3-BF4B-00C04F79EFBC}") = "ContinueTask", "CertificacaoCSharp\Part11\03-ContinueTask\ContinueTask.csproj", "{E9C28C7A-A788-4A73-B5F4-09CE8FED211B}"
EndProject
Project("{FAE04EC0-301F-11D3-BF4B-00C04F79EFBC}") = "WaitingTaskEnd", "CertificacaoCSharp\Part11\03-WaitingTaskEnd\WaitingTaskEnd.csproj", "{CED1482A-EED1-4AB9-992A-8388C4086839}"
EndProject
Project("{FAE04EC0-301F-11D3-BF4B-00C04F79EFBC}") = "TaskManaging", "CertificacaoCSharp\Part11\03-TaskManaging\TaskManaging.csproj", "{7923F298-9319-4E04-8BC5-FEEDCC6F77C0}"
EndProject
Project("{FAE04EC0-301F-11D3-BF4B-00C04F79EFBC}") = "TaskParentTaskChild", "CertificacaoCSharp\Part11\03-TaskParentTaskChild\TaskParentTaskChild.csproj", "{213597E7-1EAA-4785-8EA9-2FA556FCBE2B}"
EndProject
Project("{9A19103F-16F7-4668-BE54-9A1E7A4F7556}") = "Threads", "CertificacaoCSharp\Part11\04-Threads\Threads.csproj", "{33877F14-7817-4737-B180-AA0B5F203A59}"
EndProject
Project("{2150E333-8FDC-42A3-9474-1A3956D46DE8}") = "05-UserInterface", "05-UserInterface", "{08534C99-2707-49D3-8B42-8BFA297CA94B}"
EndProject
Project("{FAE04EC0-301F-11D3-BF4B-00C04F79EFBC}") = "UserInterface", "CertificacaoCSharp\Part11\05-UserInterface\UserInterface.csproj", "{486805CC-F44E-4AF2-8CB9-A00A79223DC0}"
EndProject
Project("{2150E333-8FDC-42A3-9474-1A3956D46DE8}") = "06-Async-Await-SimultaneousCollection-Blockings", "06-Async-Await-SimultaneousCollection-Blockings", "{63B2C562-086B-4C62-A856-9FF14A54740F}"
EndProject
Project("{9A19103F-16F7-4668-BE54-9A1E7A4F7556}") = "AsyncExceptions", "CertificacaoCSharp\Part11\06-AsyncExceptions\AsyncExceptions.csproj", "{0B615556-7F07-46EA-BAE1-74845780C98A}"
EndProject
Project("{9A19103F-16F7-4668-BE54-9A1E7A4F7556}") = "ConcurrentDictionary", "CertificacaoCSharp\Part11\06-ConcurrentDictionary\ConcurrentDictionary.csproj", "{7E611593-6C15-417F-9172-2F64E8A21C17}"
EndProject
Project("{9A19103F-16F7-4668-BE54-9A1E7A4F7556}") = "Blocking", "CertificacaoCSharp\Part11\06-Blocking\Blocking.csproj", "{A20F9048-6CB9-4A7F-8C58-CA4205A85F3D}"
EndProject
Project("{2150E333-8FDC-42A3-9474-1A3956D46DE8}") = "07-TaskCancelling-ThreadSafe", "07-TaskCancelling-ThreadSafe", "{358A2BEA-2C02-4021-AEE0-B924B35782B4}"
EndProject
Project("{9A19103F-16F7-4668-BE54-9A1E7A4F7556}") = "TaskCancelling", "CertificacaoCSharp\Part11\07-TaskCancelling\TaskCancelling.csproj", "{7035D96F-47ED-4F73-990E-A7ADB6E58248}"
EndProject
Project("{9A19103F-16F7-4668-BE54-9A1E7A4F7556}") = "NotifyingTaskCancelling", "CertificacaoCSharp\Part11\07-NotifyingTaskCancelling\NotifyingTaskCancelling.csproj", "{9679351E-5F33-438F-BD53-99801E09C117}"
EndProject
Global
	GlobalSection(SolutionConfigurationPlatforms) = preSolution
		Debug|Any CPU = Debug|Any CPU
		Release|Any CPU = Release|Any CPU
	EndGlobalSection
	GlobalSection(ProjectConfigurationPlatforms) = postSolution
		{41ED6BA3-8C4F-4AF6-8632-328C4FDCC72D}.Debug|Any CPU.ActiveCfg = Debug|Any CPU
		{41ED6BA3-8C4F-4AF6-8632-328C4FDCC72D}.Debug|Any CPU.Build.0 = Debug|Any CPU
		{41ED6BA3-8C4F-4AF6-8632-328C4FDCC72D}.Release|Any CPU.ActiveCfg = Release|Any CPU
		{41ED6BA3-8C4F-4AF6-8632-328C4FDCC72D}.Release|Any CPU.Build.0 = Release|Any CPU
		{129F5C4D-7582-45D9-96DC-5335A1B771F3}.Debug|Any CPU.ActiveCfg = Debug|Any CPU
		{129F5C4D-7582-45D9-96DC-5335A1B771F3}.Debug|Any CPU.Build.0 = Debug|Any CPU
		{129F5C4D-7582-45D9-96DC-5335A1B771F3}.Release|Any CPU.ActiveCfg = Release|Any CPU
		{129F5C4D-7582-45D9-96DC-5335A1B771F3}.Release|Any CPU.Build.0 = Release|Any CPU
		{54FE3EF3-4C4A-4D0C-B49F-AA248555C333}.Debug|Any CPU.ActiveCfg = Debug|Any CPU
		{54FE3EF3-4C4A-4D0C-B49F-AA248555C333}.Debug|Any CPU.Build.0 = Debug|Any CPU
		{54FE3EF3-4C4A-4D0C-B49F-AA248555C333}.Release|Any CPU.ActiveCfg = Release|Any CPU
		{54FE3EF3-4C4A-4D0C-B49F-AA248555C333}.Release|Any CPU.Build.0 = Release|Any CPU
		{9BC21CF6-B812-4EF2-8D8C-02B9ABD7717D}.Debug|Any CPU.ActiveCfg = Debug|Any CPU
		{9BC21CF6-B812-4EF2-8D8C-02B9ABD7717D}.Debug|Any CPU.Build.0 = Debug|Any CPU
		{9BC21CF6-B812-4EF2-8D8C-02B9ABD7717D}.Release|Any CPU.ActiveCfg = Release|Any CPU
		{9BC21CF6-B812-4EF2-8D8C-02B9ABD7717D}.Release|Any CPU.Build.0 = Release|Any CPU
		{8C13EE26-D44A-4C10-967E-0C8BA6AD7DA0}.Debug|Any CPU.ActiveCfg = Debug|Any CPU
		{8C13EE26-D44A-4C10-967E-0C8BA6AD7DA0}.Debug|Any CPU.Build.0 = Debug|Any CPU
		{8C13EE26-D44A-4C10-967E-0C8BA6AD7DA0}.Release|Any CPU.ActiveCfg = Release|Any CPU
		{8C13EE26-D44A-4C10-967E-0C8BA6AD7DA0}.Release|Any CPU.Build.0 = Release|Any CPU
		{3968B70F-1F0A-4A7B-B60F-779355644EA1}.Debug|Any CPU.ActiveCfg = Debug|Any CPU
		{3968B70F-1F0A-4A7B-B60F-779355644EA1}.Debug|Any CPU.Build.0 = Debug|Any CPU
		{3968B70F-1F0A-4A7B-B60F-779355644EA1}.Release|Any CPU.ActiveCfg = Release|Any CPU
		{3968B70F-1F0A-4A7B-B60F-779355644EA1}.Release|Any CPU.Build.0 = Release|Any CPU
		{28658AC9-4CE2-425A-A70D-2B64FBA55A8C}.Debug|Any CPU.ActiveCfg = Debug|Any CPU
		{28658AC9-4CE2-425A-A70D-2B64FBA55A8C}.Debug|Any CPU.Build.0 = Debug|Any CPU
		{28658AC9-4CE2-425A-A70D-2B64FBA55A8C}.Release|Any CPU.ActiveCfg = Release|Any CPU
		{28658AC9-4CE2-425A-A70D-2B64FBA55A8C}.Release|Any CPU.Build.0 = Release|Any CPU
		{2E618010-995E-47B7-9DCC-33A59CA724BA}.Debug|Any CPU.ActiveCfg = Debug|Any CPU
		{2E618010-995E-47B7-9DCC-33A59CA724BA}.Debug|Any CPU.Build.0 = Debug|Any CPU
		{2E618010-995E-47B7-9DCC-33A59CA724BA}.Release|Any CPU.ActiveCfg = Release|Any CPU
		{2E618010-995E-47B7-9DCC-33A59CA724BA}.Release|Any CPU.Build.0 = Release|Any CPU
		{6041F15B-E2FE-48F8-BFDD-9F2639CB05FE}.Debug|Any CPU.ActiveCfg = Debug|Any CPU
		{6041F15B-E2FE-48F8-BFDD-9F2639CB05FE}.Debug|Any CPU.Build.0 = Debug|Any CPU
		{6041F15B-E2FE-48F8-BFDD-9F2639CB05FE}.Release|Any CPU.ActiveCfg = Release|Any CPU
		{6041F15B-E2FE-48F8-BFDD-9F2639CB05FE}.Release|Any CPU.Build.0 = Release|Any CPU
		{9CBB0593-29A9-431D-8892-66C3CCC06970}.Debug|Any CPU.ActiveCfg = Debug|Any CPU
		{9CBB0593-29A9-431D-8892-66C3CCC06970}.Debug|Any CPU.Build.0 = Debug|Any CPU
		{9CBB0593-29A9-431D-8892-66C3CCC06970}.Release|Any CPU.ActiveCfg = Release|Any CPU
		{9CBB0593-29A9-431D-8892-66C3CCC06970}.Release|Any CPU.Build.0 = Release|Any CPU
		{ED0291FD-8459-4730-8C2E-513B3F77676A}.Debug|Any CPU.ActiveCfg = Debug|Any CPU
		{ED0291FD-8459-4730-8C2E-513B3F77676A}.Debug|Any CPU.Build.0 = Debug|Any CPU
		{ED0291FD-8459-4730-8C2E-513B3F77676A}.Release|Any CPU.ActiveCfg = Release|Any CPU
		{ED0291FD-8459-4730-8C2E-513B3F77676A}.Release|Any CPU.Build.0 = Release|Any CPU
		{84A2D8A3-178C-4C9F-B53C-8919ABB78F26}.Debug|Any CPU.ActiveCfg = Debug|Any CPU
		{84A2D8A3-178C-4C9F-B53C-8919ABB78F26}.Debug|Any CPU.Build.0 = Debug|Any CPU
		{84A2D8A3-178C-4C9F-B53C-8919ABB78F26}.Release|Any CPU.ActiveCfg = Release|Any CPU
		{84A2D8A3-178C-4C9F-B53C-8919ABB78F26}.Release|Any CPU.Build.0 = Release|Any CPU
		{6FB15C98-7918-4112-B2D0-16F0878C88F5}.Debug|Any CPU.ActiveCfg = Debug|Any CPU
		{6FB15C98-7918-4112-B2D0-16F0878C88F5}.Debug|Any CPU.Build.0 = Debug|Any CPU
		{6FB15C98-7918-4112-B2D0-16F0878C88F5}.Release|Any CPU.ActiveCfg = Release|Any CPU
		{6FB15C98-7918-4112-B2D0-16F0878C88F5}.Release|Any CPU.Build.0 = Release|Any CPU
		{FFC5FAA3-AF82-4DD0-AC3A-07A9D5E547F2}.Debug|Any CPU.ActiveCfg = Debug|Any CPU
		{FFC5FAA3-AF82-4DD0-AC3A-07A9D5E547F2}.Debug|Any CPU.Build.0 = Debug|Any CPU
		{FFC5FAA3-AF82-4DD0-AC3A-07A9D5E547F2}.Release|Any CPU.ActiveCfg = Release|Any CPU
		{FFC5FAA3-AF82-4DD0-AC3A-07A9D5E547F2}.Release|Any CPU.Build.0 = Release|Any CPU
		{78CA1A53-C865-48FC-AA86-B73FE3A95623}.Debug|Any CPU.ActiveCfg = Debug|Any CPU
		{78CA1A53-C865-48FC-AA86-B73FE3A95623}.Debug|Any CPU.Build.0 = Debug|Any CPU
		{78CA1A53-C865-48FC-AA86-B73FE3A95623}.Release|Any CPU.ActiveCfg = Release|Any CPU
		{78CA1A53-C865-48FC-AA86-B73FE3A95623}.Release|Any CPU.Build.0 = Release|Any CPU
		{98F8F1E5-FCC7-40B3-9528-57B39F319D82}.Debug|Any CPU.ActiveCfg = Debug|Any CPU
		{98F8F1E5-FCC7-40B3-9528-57B39F319D82}.Debug|Any CPU.Build.0 = Debug|Any CPU
		{98F8F1E5-FCC7-40B3-9528-57B39F319D82}.Release|Any CPU.ActiveCfg = Release|Any CPU
		{98F8F1E5-FCC7-40B3-9528-57B39F319D82}.Release|Any CPU.Build.0 = Release|Any CPU
		{B68B8465-13E5-49FF-9566-80E7A4D2E603}.Debug|Any CPU.ActiveCfg = Debug|Any CPU
		{B68B8465-13E5-49FF-9566-80E7A4D2E603}.Debug|Any CPU.Build.0 = Debug|Any CPU
		{B68B8465-13E5-49FF-9566-80E7A4D2E603}.Release|Any CPU.ActiveCfg = Release|Any CPU
		{B68B8465-13E5-49FF-9566-80E7A4D2E603}.Release|Any CPU.Build.0 = Release|Any CPU
		{AA2452BF-13AB-4BCB-AED6-D2DD061006A6}.Debug|Any CPU.ActiveCfg = Debug|Any CPU
		{AA2452BF-13AB-4BCB-AED6-D2DD061006A6}.Debug|Any CPU.Build.0 = Debug|Any CPU
		{AA2452BF-13AB-4BCB-AED6-D2DD061006A6}.Release|Any CPU.ActiveCfg = Release|Any CPU
		{AA2452BF-13AB-4BCB-AED6-D2DD061006A6}.Release|Any CPU.Build.0 = Release|Any CPU
		{520DD8F2-92FA-42CF-A0B2-B2521569CC8E}.Debug|Any CPU.ActiveCfg = Debug|Any CPU
		{520DD8F2-92FA-42CF-A0B2-B2521569CC8E}.Debug|Any CPU.Build.0 = Debug|Any CPU
		{520DD8F2-92FA-42CF-A0B2-B2521569CC8E}.Release|Any CPU.ActiveCfg = Release|Any CPU
		{520DD8F2-92FA-42CF-A0B2-B2521569CC8E}.Release|Any CPU.Build.0 = Release|Any CPU
		{E659743C-164A-44B7-A59B-7DE857686A8B}.Debug|Any CPU.ActiveCfg = Debug|Any CPU
		{E659743C-164A-44B7-A59B-7DE857686A8B}.Debug|Any CPU.Build.0 = Debug|Any CPU
		{E659743C-164A-44B7-A59B-7DE857686A8B}.Release|Any CPU.ActiveCfg = Release|Any CPU
		{E659743C-164A-44B7-A59B-7DE857686A8B}.Release|Any CPU.Build.0 = Release|Any CPU
		{D886C993-4FC8-46E3-900F-B586B3876F2E}.Debug|Any CPU.ActiveCfg = Debug|Any CPU
		{D886C993-4FC8-46E3-900F-B586B3876F2E}.Debug|Any CPU.Build.0 = Debug|Any CPU
		{D886C993-4FC8-46E3-900F-B586B3876F2E}.Release|Any CPU.ActiveCfg = Release|Any CPU
		{D886C993-4FC8-46E3-900F-B586B3876F2E}.Release|Any CPU.Build.0 = Release|Any CPU
		{5ECFFEC3-8ADE-4EA1-B0B5-A2C659C40DE9}.Debug|Any CPU.ActiveCfg = Debug|Any CPU
		{5ECFFEC3-8ADE-4EA1-B0B5-A2C659C40DE9}.Debug|Any CPU.Build.0 = Debug|Any CPU
		{5ECFFEC3-8ADE-4EA1-B0B5-A2C659C40DE9}.Release|Any CPU.ActiveCfg = Release|Any CPU
		{5ECFFEC3-8ADE-4EA1-B0B5-A2C659C40DE9}.Release|Any CPU.Build.0 = Release|Any CPU
		{B668324F-4220-4D93-8307-28613D3C9996}.Debug|Any CPU.ActiveCfg = Debug|Any CPU
		{B668324F-4220-4D93-8307-28613D3C9996}.Debug|Any CPU.Build.0 = Debug|Any CPU
		{B668324F-4220-4D93-8307-28613D3C9996}.Release|Any CPU.ActiveCfg = Release|Any CPU
		{B668324F-4220-4D93-8307-28613D3C9996}.Release|Any CPU.Build.0 = Release|Any CPU
		{41B99B22-DFEE-4E30-8297-1AC53EFFD937}.Debug|Any CPU.ActiveCfg = Debug|Any CPU
		{41B99B22-DFEE-4E30-8297-1AC53EFFD937}.Debug|Any CPU.Build.0 = Debug|Any CPU
		{41B99B22-DFEE-4E30-8297-1AC53EFFD937}.Release|Any CPU.ActiveCfg = Release|Any CPU
		{41B99B22-DFEE-4E30-8297-1AC53EFFD937}.Release|Any CPU.Build.0 = Release|Any CPU
		{A1E96233-13EF-4C41-967A-5DE891FADD09}.Debug|Any CPU.ActiveCfg = Debug|Any CPU
		{A1E96233-13EF-4C41-967A-5DE891FADD09}.Debug|Any CPU.Build.0 = Debug|Any CPU
		{A1E96233-13EF-4C41-967A-5DE891FADD09}.Release|Any CPU.ActiveCfg = Release|Any CPU
		{A1E96233-13EF-4C41-967A-5DE891FADD09}.Release|Any CPU.Build.0 = Release|Any CPU
		{E9AF485D-1EB9-4F3A-BA0B-887A16A2F533}.Debug|Any CPU.ActiveCfg = Debug|Any CPU
		{E9AF485D-1EB9-4F3A-BA0B-887A16A2F533}.Debug|Any CPU.Build.0 = Debug|Any CPU
		{E9AF485D-1EB9-4F3A-BA0B-887A16A2F533}.Release|Any CPU.ActiveCfg = Release|Any CPU
		{E9AF485D-1EB9-4F3A-BA0B-887A16A2F533}.Release|Any CPU.Build.0 = Release|Any CPU
		{586083F0-4E69-49F3-B1E8-E22224B78889}.Debug|Any CPU.ActiveCfg = Debug|Any CPU
		{586083F0-4E69-49F3-B1E8-E22224B78889}.Debug|Any CPU.Build.0 = Debug|Any CPU
		{586083F0-4E69-49F3-B1E8-E22224B78889}.Release|Any CPU.ActiveCfg = Release|Any CPU
		{586083F0-4E69-49F3-B1E8-E22224B78889}.Release|Any CPU.Build.0 = Release|Any CPU
		{8E1D67EA-B7A4-4FBD-B326-E790F4B31988}.Debug|Any CPU.ActiveCfg = Debug|Any CPU
		{8E1D67EA-B7A4-4FBD-B326-E790F4B31988}.Debug|Any CPU.Build.0 = Debug|Any CPU
		{8E1D67EA-B7A4-4FBD-B326-E790F4B31988}.Release|Any CPU.ActiveCfg = Release|Any CPU
		{8E1D67EA-B7A4-4FBD-B326-E790F4B31988}.Release|Any CPU.Build.0 = Release|Any CPU
		{B32FA4D5-88E3-4E09-8525-A3B4DC3BF791}.Debug|Any CPU.ActiveCfg = Debug|Any CPU
		{B32FA4D5-88E3-4E09-8525-A3B4DC3BF791}.Debug|Any CPU.Build.0 = Debug|Any CPU
		{B32FA4D5-88E3-4E09-8525-A3B4DC3BF791}.Release|Any CPU.ActiveCfg = Release|Any CPU
		{B32FA4D5-88E3-4E09-8525-A3B4DC3BF791}.Release|Any CPU.Build.0 = Release|Any CPU
		{E82AA93C-1F91-45F3-BE5D-B777998D600B}.Debug|Any CPU.ActiveCfg = Debug|Any CPU
		{E82AA93C-1F91-45F3-BE5D-B777998D600B}.Debug|Any CPU.Build.0 = Debug|Any CPU
		{E82AA93C-1F91-45F3-BE5D-B777998D600B}.Release|Any CPU.ActiveCfg = Release|Any CPU
		{E82AA93C-1F91-45F3-BE5D-B777998D600B}.Release|Any CPU.Build.0 = Release|Any CPU
		{8E140F41-5F47-4463-B68A-01B27B6C5FE3}.Debug|Any CPU.ActiveCfg = Debug|Any CPU
		{8E140F41-5F47-4463-B68A-01B27B6C5FE3}.Debug|Any CPU.Build.0 = Debug|Any CPU
		{8E140F41-5F47-4463-B68A-01B27B6C5FE3}.Release|Any CPU.ActiveCfg = Release|Any CPU
		{8E140F41-5F47-4463-B68A-01B27B6C5FE3}.Release|Any CPU.Build.0 = Release|Any CPU
		{A7C077BD-A6DA-4BBC-AE03-3AA9BF9E865D}.Debug|Any CPU.ActiveCfg = Debug|Any CPU
		{A7C077BD-A6DA-4BBC-AE03-3AA9BF9E865D}.Debug|Any CPU.Build.0 = Debug|Any CPU
		{A7C077BD-A6DA-4BBC-AE03-3AA9BF9E865D}.Release|Any CPU.ActiveCfg = Release|Any CPU
		{A7C077BD-A6DA-4BBC-AE03-3AA9BF9E865D}.Release|Any CPU.Build.0 = Release|Any CPU
		{E0AFCCAA-E915-4D1E-9D98-D94F4F82F2DE}.Debug|Any CPU.ActiveCfg = Debug|Any CPU
		{E0AFCCAA-E915-4D1E-9D98-D94F4F82F2DE}.Debug|Any CPU.Build.0 = Debug|Any CPU
		{E0AFCCAA-E915-4D1E-9D98-D94F4F82F2DE}.Release|Any CPU.ActiveCfg = Release|Any CPU
		{E0AFCCAA-E915-4D1E-9D98-D94F4F82F2DE}.Release|Any CPU.Build.0 = Release|Any CPU
		{F34EFC75-99B3-4EA4-86E1-F3C5C47540C5}.Debug|Any CPU.ActiveCfg = Debug|Any CPU
		{F34EFC75-99B3-4EA4-86E1-F3C5C47540C5}.Debug|Any CPU.Build.0 = Debug|Any CPU
		{F34EFC75-99B3-4EA4-86E1-F3C5C47540C5}.Release|Any CPU.ActiveCfg = Release|Any CPU
		{F34EFC75-99B3-4EA4-86E1-F3C5C47540C5}.Release|Any CPU.Build.0 = Release|Any CPU
		{6C21D73E-A1E7-4A8A-94BE-CC9FC5A8E9F2}.Debug|Any CPU.ActiveCfg = Debug|Any CPU
		{6C21D73E-A1E7-4A8A-94BE-CC9FC5A8E9F2}.Debug|Any CPU.Build.0 = Debug|Any CPU
		{6C21D73E-A1E7-4A8A-94BE-CC9FC5A8E9F2}.Release|Any CPU.ActiveCfg = Release|Any CPU
		{6C21D73E-A1E7-4A8A-94BE-CC9FC5A8E9F2}.Release|Any CPU.Build.0 = Release|Any CPU
		{E9587237-27C1-4CC5-8743-91BEFCD347B0}.Debug|Any CPU.ActiveCfg = Debug|Any CPU
		{E9587237-27C1-4CC5-8743-91BEFCD347B0}.Debug|Any CPU.Build.0 = Debug|Any CPU
		{E9587237-27C1-4CC5-8743-91BEFCD347B0}.Release|Any CPU.ActiveCfg = Release|Any CPU
		{E9587237-27C1-4CC5-8743-91BEFCD347B0}.Release|Any CPU.Build.0 = Release|Any CPU
		{A1F44886-B29B-4B9E-B391-622872D3117D}.Debug|Any CPU.ActiveCfg = Debug|Any CPU
		{A1F44886-B29B-4B9E-B391-622872D3117D}.Debug|Any CPU.Build.0 = Debug|Any CPU
		{A1F44886-B29B-4B9E-B391-622872D3117D}.Release|Any CPU.ActiveCfg = Release|Any CPU
		{A1F44886-B29B-4B9E-B391-622872D3117D}.Release|Any CPU.Build.0 = Release|Any CPU
		{F308D4FD-6FE3-43AC-8019-62CFCA930C35}.Debug|Any CPU.ActiveCfg = Debug|Any CPU
		{F308D4FD-6FE3-43AC-8019-62CFCA930C35}.Debug|Any CPU.Build.0 = Debug|Any CPU
		{F308D4FD-6FE3-43AC-8019-62CFCA930C35}.Release|Any CPU.ActiveCfg = Release|Any CPU
		{F308D4FD-6FE3-43AC-8019-62CFCA930C35}.Release|Any CPU.Build.0 = Release|Any CPU
		{5AF77ACB-F0BF-4DA8-8540-F2717CF552F9}.Debug|Any CPU.ActiveCfg = Debug|Any CPU
		{5AF77ACB-F0BF-4DA8-8540-F2717CF552F9}.Debug|Any CPU.Build.0 = Debug|Any CPU
		{5AF77ACB-F0BF-4DA8-8540-F2717CF552F9}.Release|Any CPU.ActiveCfg = Release|Any CPU
		{5AF77ACB-F0BF-4DA8-8540-F2717CF552F9}.Release|Any CPU.Build.0 = Release|Any CPU
		{9907B5DF-49E6-4429-B0C3-99A0C6B076E5}.Debug|Any CPU.ActiveCfg = Debug|Any CPU
		{9907B5DF-49E6-4429-B0C3-99A0C6B076E5}.Debug|Any CPU.Build.0 = Debug|Any CPU
		{9907B5DF-49E6-4429-B0C3-99A0C6B076E5}.Release|Any CPU.ActiveCfg = Release|Any CPU
		{9907B5DF-49E6-4429-B0C3-99A0C6B076E5}.Release|Any CPU.Build.0 = Release|Any CPU
		{2C56DAE1-EC50-4E23-BB1D-4570A18EE150}.Debug|Any CPU.ActiveCfg = Debug|Any CPU
		{2C56DAE1-EC50-4E23-BB1D-4570A18EE150}.Debug|Any CPU.Build.0 = Debug|Any CPU
		{2C56DAE1-EC50-4E23-BB1D-4570A18EE150}.Release|Any CPU.ActiveCfg = Release|Any CPU
		{2C56DAE1-EC50-4E23-BB1D-4570A18EE150}.Release|Any CPU.Build.0 = Release|Any CPU
		{55E9FE7B-4133-49B7-88FB-96CBF1FA0688}.Debug|Any CPU.ActiveCfg = Debug|Any CPU
		{55E9FE7B-4133-49B7-88FB-96CBF1FA0688}.Debug|Any CPU.Build.0 = Debug|Any CPU
		{55E9FE7B-4133-49B7-88FB-96CBF1FA0688}.Release|Any CPU.ActiveCfg = Release|Any CPU
		{55E9FE7B-4133-49B7-88FB-96CBF1FA0688}.Release|Any CPU.Build.0 = Release|Any CPU
		{B9016182-CD94-497F-9AE7-DB30B2FAB441}.Debug|Any CPU.ActiveCfg = Debug|Any CPU
		{B9016182-CD94-497F-9AE7-DB30B2FAB441}.Debug|Any CPU.Build.0 = Debug|Any CPU
		{B9016182-CD94-497F-9AE7-DB30B2FAB441}.Release|Any CPU.ActiveCfg = Release|Any CPU
		{B9016182-CD94-497F-9AE7-DB30B2FAB441}.Release|Any CPU.Build.0 = Release|Any CPU
		{60E847A3-F654-45D7-A94E-E32493DCD08D}.Debug|Any CPU.ActiveCfg = Debug|Any CPU
		{60E847A3-F654-45D7-A94E-E32493DCD08D}.Debug|Any CPU.Build.0 = Debug|Any CPU
		{60E847A3-F654-45D7-A94E-E32493DCD08D}.Release|Any CPU.ActiveCfg = Release|Any CPU
		{60E847A3-F654-45D7-A94E-E32493DCD08D}.Release|Any CPU.Build.0 = Release|Any CPU
		{10C7A355-3F96-4CD2-8085-A769F228E2E3}.Debug|Any CPU.ActiveCfg = Debug|Any CPU
		{10C7A355-3F96-4CD2-8085-A769F228E2E3}.Debug|Any CPU.Build.0 = Debug|Any CPU
		{10C7A355-3F96-4CD2-8085-A769F228E2E3}.Release|Any CPU.ActiveCfg = Release|Any CPU
		{10C7A355-3F96-4CD2-8085-A769F228E2E3}.Release|Any CPU.Build.0 = Release|Any CPU
		{E9C28C7A-A788-4A73-B5F4-09CE8FED211B}.Debug|Any CPU.ActiveCfg = Debug|Any CPU
		{E9C28C7A-A788-4A73-B5F4-09CE8FED211B}.Debug|Any CPU.Build.0 = Debug|Any CPU
		{E9C28C7A-A788-4A73-B5F4-09CE8FED211B}.Release|Any CPU.ActiveCfg = Release|Any CPU
		{E9C28C7A-A788-4A73-B5F4-09CE8FED211B}.Release|Any CPU.Build.0 = Release|Any CPU
		{CED1482A-EED1-4AB9-992A-8388C4086839}.Debug|Any CPU.ActiveCfg = Debug|Any CPU
		{CED1482A-EED1-4AB9-992A-8388C4086839}.Debug|Any CPU.Build.0 = Debug|Any CPU
		{CED1482A-EED1-4AB9-992A-8388C4086839}.Release|Any CPU.ActiveCfg = Release|Any CPU
		{CED1482A-EED1-4AB9-992A-8388C4086839}.Release|Any CPU.Build.0 = Release|Any CPU
		{7923F298-9319-4E04-8BC5-FEEDCC6F77C0}.Debug|Any CPU.ActiveCfg = Debug|Any CPU
		{7923F298-9319-4E04-8BC5-FEEDCC6F77C0}.Debug|Any CPU.Build.0 = Debug|Any CPU
		{7923F298-9319-4E04-8BC5-FEEDCC6F77C0}.Release|Any CPU.ActiveCfg = Release|Any CPU
		{7923F298-9319-4E04-8BC5-FEEDCC6F77C0}.Release|Any CPU.Build.0 = Release|Any CPU
		{213597E7-1EAA-4785-8EA9-2FA556FCBE2B}.Debug|Any CPU.ActiveCfg = Debug|Any CPU
		{213597E7-1EAA-4785-8EA9-2FA556FCBE2B}.Debug|Any CPU.Build.0 = Debug|Any CPU
		{213597E7-1EAA-4785-8EA9-2FA556FCBE2B}.Release|Any CPU.ActiveCfg = Release|Any CPU
		{213597E7-1EAA-4785-8EA9-2FA556FCBE2B}.Release|Any CPU.Build.0 = Release|Any CPU
		{33877F14-7817-4737-B180-AA0B5F203A59}.Debug|Any CPU.ActiveCfg = Debug|Any CPU
		{33877F14-7817-4737-B180-AA0B5F203A59}.Debug|Any CPU.Build.0 = Debug|Any CPU
		{33877F14-7817-4737-B180-AA0B5F203A59}.Release|Any CPU.ActiveCfg = Release|Any CPU
		{33877F14-7817-4737-B180-AA0B5F203A59}.Release|Any CPU.Build.0 = Release|Any CPU
		{486805CC-F44E-4AF2-8CB9-A00A79223DC0}.Debug|Any CPU.ActiveCfg = Debug|Any CPU
		{486805CC-F44E-4AF2-8CB9-A00A79223DC0}.Debug|Any CPU.Build.0 = Debug|Any CPU
		{486805CC-F44E-4AF2-8CB9-A00A79223DC0}.Release|Any CPU.ActiveCfg = Release|Any CPU
		{486805CC-F44E-4AF2-8CB9-A00A79223DC0}.Release|Any CPU.Build.0 = Release|Any CPU
		{0B615556-7F07-46EA-BAE1-74845780C98A}.Debug|Any CPU.ActiveCfg = Debug|Any CPU
		{0B615556-7F07-46EA-BAE1-74845780C98A}.Debug|Any CPU.Build.0 = Debug|Any CPU
		{0B615556-7F07-46EA-BAE1-74845780C98A}.Release|Any CPU.ActiveCfg = Release|Any CPU
		{0B615556-7F07-46EA-BAE1-74845780C98A}.Release|Any CPU.Build.0 = Release|Any CPU
		{7E611593-6C15-417F-9172-2F64E8A21C17}.Debug|Any CPU.ActiveCfg = Debug|Any CPU
		{7E611593-6C15-417F-9172-2F64E8A21C17}.Debug|Any CPU.Build.0 = Debug|Any CPU
		{7E611593-6C15-417F-9172-2F64E8A21C17}.Release|Any CPU.ActiveCfg = Release|Any CPU
		{7E611593-6C15-417F-9172-2F64E8A21C17}.Release|Any CPU.Build.0 = Release|Any CPU
		{A20F9048-6CB9-4A7F-8C58-CA4205A85F3D}.Debug|Any CPU.ActiveCfg = Debug|Any CPU
		{A20F9048-6CB9-4A7F-8C58-CA4205A85F3D}.Debug|Any CPU.Build.0 = Debug|Any CPU
		{A20F9048-6CB9-4A7F-8C58-CA4205A85F3D}.Release|Any CPU.ActiveCfg = Release|Any CPU
		{A20F9048-6CB9-4A7F-8C58-CA4205A85F3D}.Release|Any CPU.Build.0 = Release|Any CPU
		{7035D96F-47ED-4F73-990E-A7ADB6E58248}.Debug|Any CPU.ActiveCfg = Debug|Any CPU
		{7035D96F-47ED-4F73-990E-A7ADB6E58248}.Debug|Any CPU.Build.0 = Debug|Any CPU
		{7035D96F-47ED-4F73-990E-A7ADB6E58248}.Release|Any CPU.ActiveCfg = Release|Any CPU
		{7035D96F-47ED-4F73-990E-A7ADB6E58248}.Release|Any CPU.Build.0 = Release|Any CPU
		{9679351E-5F33-438F-BD53-99801E09C117}.Debug|Any CPU.ActiveCfg = Debug|Any CPU
		{9679351E-5F33-438F-BD53-99801E09C117}.Debug|Any CPU.Build.0 = Debug|Any CPU
		{9679351E-5F33-438F-BD53-99801E09C117}.Release|Any CPU.ActiveCfg = Release|Any CPU
		{9679351E-5F33-438F-BD53-99801E09C117}.Release|Any CPU.Build.0 = Release|Any CPU
	EndGlobalSection
	GlobalSection(SolutionProperties) = preSolution
		HideSolutionNode = FALSE
	EndGlobalSection
	GlobalSection(NestedProjects) = preSolution
		{5B459D5F-F14D-409A-A1A8-50266BE83285} = {F586F902-F7A9-4C26-8AC7-FD520BF6E869}
		{1CA9993A-4808-482D-B33D-F8A2372DFDE2} = {F586F902-F7A9-4C26-8AC7-FD520BF6E869}
		{41ED6BA3-8C4F-4AF6-8632-328C4FDCC72D} = {5B459D5F-F14D-409A-A1A8-50266BE83285}
		{129F5C4D-7582-45D9-96DC-5335A1B771F3} = {5B459D5F-F14D-409A-A1A8-50266BE83285}
		{54FE3EF3-4C4A-4D0C-B49F-AA248555C333} = {5B459D5F-F14D-409A-A1A8-50266BE83285}
		{9BC21CF6-B812-4EF2-8D8C-02B9ABD7717D} = {5B459D5F-F14D-409A-A1A8-50266BE83285}
		{8C13EE26-D44A-4C10-967E-0C8BA6AD7DA0} = {1CA9993A-4808-482D-B33D-F8A2372DFDE2}
		{3968B70F-1F0A-4A7B-B60F-779355644EA1} = {1CA9993A-4808-482D-B33D-F8A2372DFDE2}
		{28658AC9-4CE2-425A-A70D-2B64FBA55A8C} = {1CA9993A-4808-482D-B33D-F8A2372DFDE2}
		{2E618010-995E-47B7-9DCC-33A59CA724BA} = {1CA9993A-4808-482D-B33D-F8A2372DFDE2}
		{6041F15B-E2FE-48F8-BFDD-9F2639CB05FE} = {1CA9993A-4808-482D-B33D-F8A2372DFDE2}
		{9CBB0593-29A9-431D-8892-66C3CCC06970} = {1CA9993A-4808-482D-B33D-F8A2372DFDE2}
		{ED0291FD-8459-4730-8C2E-513B3F77676A} = {1CA9993A-4808-482D-B33D-F8A2372DFDE2}
		{40C07BEE-85FB-41EE-9D19-996E4D405B77} = {C6F94C3B-3EA1-40B8-983D-9D32D11FF59A}
		{84A2D8A3-178C-4C9F-B53C-8919ABB78F26} = {40C07BEE-85FB-41EE-9D19-996E4D405B77}
		{6FB15C98-7918-4112-B2D0-16F0878C88F5} = {40C07BEE-85FB-41EE-9D19-996E4D405B77}
		{FFC5FAA3-AF82-4DD0-AC3A-07A9D5E547F2} = {40C07BEE-85FB-41EE-9D19-996E4D405B77}
		{AAC58FE6-BDD0-490E-9EA1-308BFA9A0006} = {C6F94C3B-3EA1-40B8-983D-9D32D11FF59A}
		{78CA1A53-C865-48FC-AA86-B73FE3A95623} = {AAC58FE6-BDD0-490E-9EA1-308BFA9A0006}
		{98F8F1E5-FCC7-40B3-9528-57B39F319D82} = {AAC58FE6-BDD0-490E-9EA1-308BFA9A0006}
		{B68B8465-13E5-49FF-9566-80E7A4D2E603} = {AAC58FE6-BDD0-490E-9EA1-308BFA9A0006}
		{AA2452BF-13AB-4BCB-AED6-D2DD061006A6} = {AAC58FE6-BDD0-490E-9EA1-308BFA9A0006}
		{520DD8F2-92FA-42CF-A0B2-B2521569CC8E} = {107A5B81-419D-4C5A-9545-10FDF169A9DD}
		{E659743C-164A-44B7-A59B-7DE857686A8B} = {107A5B81-419D-4C5A-9545-10FDF169A9DD}
		{D886C993-4FC8-46E3-900F-B586B3876F2E} = {107A5B81-419D-4C5A-9545-10FDF169A9DD}
		{5ECFFEC3-8ADE-4EA1-B0B5-A2C659C40DE9} = {107A5B81-419D-4C5A-9545-10FDF169A9DD}
		{B668324F-4220-4D93-8307-28613D3C9996} = {107A5B81-419D-4C5A-9545-10FDF169A9DD}
		{41B99B22-DFEE-4E30-8297-1AC53EFFD937} = {107A5B81-419D-4C5A-9545-10FDF169A9DD}
		{A1E96233-13EF-4C41-967A-5DE891FADD09} = {5228177E-5E1D-4EC7-873E-A23542C21526}
		{E9AF485D-1EB9-4F3A-BA0B-887A16A2F533} = {5228177E-5E1D-4EC7-873E-A23542C21526}
		{586083F0-4E69-49F3-B1E8-E22224B78889} = {5228177E-5E1D-4EC7-873E-A23542C21526}
		{0F95B2AF-3567-4F89-AB5B-B0EACB2E1A20} = {57D7B77E-6395-4D7A-AD39-BF4AC5A076AA}
		{8E1D67EA-B7A4-4FBD-B326-E790F4B31988} = {0F95B2AF-3567-4F89-AB5B-B0EACB2E1A20}
		{BCE2EC8E-8248-4FF2-890D-4CE6BB378867} = {57D7B77E-6395-4D7A-AD39-BF4AC5A076AA}
		{B32FA4D5-88E3-4E09-8525-A3B4DC3BF791} = {BCE2EC8E-8248-4FF2-890D-4CE6BB378867}
		{3F0CF0B4-35BA-487E-870F-444E71881915} = {50A865EB-FF47-402A-BA57-FF12421E5195}
		{E82AA93C-1F91-45F3-BE5D-B777998D600B} = {3F0CF0B4-35BA-487E-870F-444E71881915}
		{8E140F41-5F47-4463-B68A-01B27B6C5FE3} = {3F0CF0B4-35BA-487E-870F-444E71881915}
		{A7C077BD-A6DA-4BBC-AE03-3AA9BF9E865D} = {3F0CF0B4-35BA-487E-870F-444E71881915}
		{E0AFCCAA-E915-4D1E-9D98-D94F4F82F2DE} = {3F0CF0B4-35BA-487E-870F-444E71881915}
		{1A3D1993-5AA6-4DC2-9021-55BD243881AD} = {50A865EB-FF47-402A-BA57-FF12421E5195}
		{F34EFC75-99B3-4EA4-86E1-F3C5C47540C5} = {1A3D1993-5AA6-4DC2-9021-55BD243881AD}
		{6C21D73E-A1E7-4A8A-94BE-CC9FC5A8E9F2} = {5456DC10-D929-4F6E-BE41-627ABE24CEAE}
		{E9587237-27C1-4CC5-8743-91BEFCD347B0} = {5456DC10-D929-4F6E-BE41-627ABE24CEAE}
		{A1F44886-B29B-4B9E-B391-622872D3117D} = {5456DC10-D929-4F6E-BE41-627ABE24CEAE}
		{F308D4FD-6FE3-43AC-8019-62CFCA930C35} = {5456DC10-D929-4F6E-BE41-627ABE24CEAE}
		{5AF77ACB-F0BF-4DA8-8540-F2717CF552F9} = {5456DC10-D929-4F6E-BE41-627ABE24CEAE}
		{9907B5DF-49E6-4429-B0C3-99A0C6B076E5} = {5456DC10-D929-4F6E-BE41-627ABE24CEAE}
		{2C56DAE1-EC50-4E23-BB1D-4570A18EE150} = {5456DC10-D929-4F6E-BE41-627ABE24CEAE}
		{55E9FE7B-4133-49B7-88FB-96CBF1FA0688} = {9F1AD3FD-A675-4C1D-AEA6-118AFDA42FEE}
		{B9016182-CD94-497F-9AE7-DB30B2FAB441} = {9F1AD3FD-A675-4C1D-AEA6-118AFDA42FEE}
		{60E847A3-F654-45D7-A94E-E32493DCD08D} = {9F1AD3FD-A675-4C1D-AEA6-118AFDA42FEE}
		{9F1AD3FD-A675-4C1D-AEA6-118AFDA42FEE} = {450A5E30-CC1D-4D9B-844F-48BF0439D2CB}
		{7D73C24B-D9DB-4983-BC7E-F44A98604372} = {450A5E30-CC1D-4D9B-844F-48BF0439D2CB}
		{10C7A355-3F96-4CD2-8085-A769F228E2E3} = {7D73C24B-D9DB-4983-BC7E-F44A98604372}
		{D43F2F74-394D-4FE0-A89D-9A156607492D} = {450A5E30-CC1D-4D9B-844F-48BF0439D2CB}
		{C7946E05-FDB6-44ED-A7F6-CA2BBC703707} = {450A5E30-CC1D-4D9B-844F-48BF0439D2CB}
		{E9C28C7A-A788-4A73-B5F4-09CE8FED211B} = {D43F2F74-394D-4FE0-A89D-9A156607492D}
		{CED1482A-EED1-4AB9-992A-8388C4086839} = {D43F2F74-394D-4FE0-A89D-9A156607492D}
		{7923F298-9319-4E04-8BC5-FEEDCC6F77C0} = {D43F2F74-394D-4FE0-A89D-9A156607492D}
		{213597E7-1EAA-4785-8EA9-2FA556FCBE2B} = {D43F2F74-394D-4FE0-A89D-9A156607492D}
		{33877F14-7817-4737-B180-AA0B5F203A59} = {C7946E05-FDB6-44ED-A7F6-CA2BBC703707}
		{08534C99-2707-49D3-8B42-8BFA297CA94B} = {450A5E30-CC1D-4D9B-844F-48BF0439D2CB}
		{486805CC-F44E-4AF2-8CB9-A00A79223DC0} = {08534C99-2707-49D3-8B42-8BFA297CA94B}
		{63B2C562-086B-4C62-A856-9FF14A54740F} = {450A5E30-CC1D-4D9B-844F-48BF0439D2CB}
		{0B615556-7F07-46EA-BAE1-74845780C98A} = {63B2C562-086B-4C62-A856-9FF14A54740F}
		{7E611593-6C15-417F-9172-2F64E8A21C17} = {63B2C562-086B-4C62-A856-9FF14A54740F}
		{A20F9048-6CB9-4A7F-8C58-CA4205A85F3D} = {63B2C562-086B-4C62-A856-9FF14A54740F}
		{358A2BEA-2C02-4021-AEE0-B924B35782B4} = {450A5E30-CC1D-4D9B-844F-48BF0439D2CB}
		{7035D96F-47ED-4F73-990E-A7ADB6E58248} = {358A2BEA-2C02-4021-AEE0-B924B35782B4}
		{9679351E-5F33-438F-BD53-99801E09C117} = {358A2BEA-2C02-4021-AEE0-B924B35782B4}
	EndGlobalSection
	GlobalSection(ExtensibilityGlobals) = postSolution
		SolutionGuid = {0AAA9658-F25F-489F-A417-6E12F1801619}
	EndGlobalSection
EndGlobal
