
Microsoft Visual Studio Solution File, Format Version 12.00
# Visual Studio Version 16
VisualStudioVersion = 16.0.30517.126
MinimumVisualStudioVersion = 10.0.40219.1
Project("{2150E333-8FDC-42A3-9474-1A3956D46DE8}") = "Part-06", "Part-06", "{F586F902-F7A9-4C26-8AC7-FD520BF6E869}"
EndProject
Project("{2150E333-8FDC-42A3-9474-1A3956D46DE8}") = "01-Serialization", "01-Serialization", "{5B459D5F-F14D-409A-A1A8-50266BE83285}"
EndProject
Project("{2150E333-8FDC-42A3-9474-1A3956D46DE8}") = "02-Collections", "02-Collections", "{1CA9993A-4808-482D-B33D-F8A2372DFDE2}"
EndProject
Project("{FAE04EC0-301F-11D3-BF4B-00C04F79EFBC}") = "BinarySerialization", "CertificacaoCSharp\Part6\01-Serialization\BinarySerialization\BinarySerialization.csproj", "{41ED6BA3-8C4F-4AF6-8632-328C4FDCC72D}"
EndProject
Project("{FAE04EC0-301F-11D3-BF4B-00C04F79EFBC}") = "CustomContract", "CertificacaoCSharp\Part6\01-Serialization\CustomContract\CustomContract.csproj", "{129F5C4D-7582-45D9-96DC-5335A1B771F3}"
EndProject
Project("{FAE04EC0-301F-11D3-BF4B-00C04F79EFBC}") = "DataContract", "CertificacaoCSharp\Part6\01-Serialization\DataContract\DataContract.csproj", "{54FE3EF3-4C4A-4D0C-B49F-AA248555C333}"
EndProject
Project("{FAE04EC0-301F-11D3-BF4B-00C04F79EFBC}") = "JSON", "CertificacaoCSharp\Part6\01-Serialization\JSON\JSON.csproj", "{9BC21CF6-B812-4EF2-8D8C-02B9ABD7717D}"
EndProject
Project("{FAE04EC0-301F-11D3-BF4B-00C04F79EFBC}") = "Arrays", "CertificacaoCSharp\Part6\02-Collections\Arrays\Arrays.csproj", "{8C13EE26-D44A-4C10-967E-0C8BA6AD7DA0}"
EndProject
Project("{FAE04EC0-301F-11D3-BF4B-00C04F79EFBC}") = "Lists", "CertificacaoCSharp\Part6\02-Collections\Lists\Lists.csproj", "{3968B70F-1F0A-4A7B-B60F-779355644EA1}"
EndProject
Project("{FAE04EC0-301F-11D3-BF4B-00C04F79EFBC}") = "ReadOnlyLists", "CertificacaoCSharp\Part6\02-Collections\ReadOnlyLists\ReadOnlyLists.csproj", "{28658AC9-4CE2-425A-A70D-2B64FBA55A8C}"
EndProject
Project("{FAE04EC0-301F-11D3-BF4B-00C04F79EFBC}") = "Sets", "CertificacaoCSharp\Part6\02-Collections\Sets\Sets.csproj", "{2E618010-995E-47B7-9DCC-33A59CA724BA}"
EndProject
Global
	GlobalSection(SolutionConfigurationPlatforms) = preSolution
		Debug|Any CPU = Debug|Any CPU
		Release|Any CPU = Release|Any CPU
	EndGlobalSection
	GlobalSection(ProjectConfigurationPlatforms) = postSolution
		{41ED6BA3-8C4F-4AF6-8632-328C4FDCC72D}.Debug|Any CPU.ActiveCfg = Debug|Any CPU
		{41ED6BA3-8C4F-4AF6-8632-328C4FDCC72D}.Debug|Any CPU.Build.0 = Debug|Any CPU
		{41ED6BA3-8C4F-4AF6-8632-328C4FDCC72D}.Release|Any CPU.ActiveCfg = Release|Any CPU
		{41ED6BA3-8C4F-4AF6-8632-328C4FDCC72D}.Release|Any CPU.Build.0 = Release|Any CPU
		{129F5C4D-7582-45D9-96DC-5335A1B771F3}.Debug|Any CPU.ActiveCfg = Debug|Any CPU
		{129F5C4D-7582-45D9-96DC-5335A1B771F3}.Debug|Any CPU.Build.0 = Debug|Any CPU
		{129F5C4D-7582-45D9-96DC-5335A1B771F3}.Release|Any CPU.ActiveCfg = Release|Any CPU
		{129F5C4D-7582-45D9-96DC-5335A1B771F3}.Release|Any CPU.Build.0 = Release|Any CPU
		{54FE3EF3-4C4A-4D0C-B49F-AA248555C333}.Debug|Any CPU.ActiveCfg = Debug|Any CPU
		{54FE3EF3-4C4A-4D0C-B49F-AA248555C333}.Debug|Any CPU.Build.0 = Debug|Any CPU
		{54FE3EF3-4C4A-4D0C-B49F-AA248555C333}.Release|Any CPU.ActiveCfg = Release|Any CPU
		{54FE3EF3-4C4A-4D0C-B49F-AA248555C333}.Release|Any CPU.Build.0 = Release|Any CPU
		{9BC21CF6-B812-4EF2-8D8C-02B9ABD7717D}.Debug|Any CPU.ActiveCfg = Debug|Any CPU
		{9BC21CF6-B812-4EF2-8D8C-02B9ABD7717D}.Debug|Any CPU.Build.0 = Debug|Any CPU
		{9BC21CF6-B812-4EF2-8D8C-02B9ABD7717D}.Release|Any CPU.ActiveCfg = Release|Any CPU
		{9BC21CF6-B812-4EF2-8D8C-02B9ABD7717D}.Release|Any CPU.Build.0 = Release|Any CPU
		{8C13EE26-D44A-4C10-967E-0C8BA6AD7DA0}.Debug|Any CPU.ActiveCfg = Debug|Any CPU
		{8C13EE26-D44A-4C10-967E-0C8BA6AD7DA0}.Debug|Any CPU.Build.0 = Debug|Any CPU
		{8C13EE26-D44A-4C10-967E-0C8BA6AD7DA0}.Release|Any CPU.ActiveCfg = Release|Any CPU
		{8C13EE26-D44A-4C10-967E-0C8BA6AD7DA0}.Release|Any CPU.Build.0 = Release|Any CPU
		{3968B70F-1F0A-4A7B-B60F-779355644EA1}.Debug|Any CPU.ActiveCfg = Debug|Any CPU
		{3968B70F-1F0A-4A7B-B60F-779355644EA1}.Debug|Any CPU.Build.0 = Debug|Any CPU
		{3968B70F-1F0A-4A7B-B60F-779355644EA1}.Release|Any CPU.ActiveCfg = Release|Any CPU
		{3968B70F-1F0A-4A7B-B60F-779355644EA1}.Release|Any CPU.Build.0 = Release|Any CPU
		{28658AC9-4CE2-425A-A70D-2B64FBA55A8C}.Debug|Any CPU.ActiveCfg = Debug|Any CPU
		{28658AC9-4CE2-425A-A70D-2B64FBA55A8C}.Debug|Any CPU.Build.0 = Debug|Any CPU
		{28658AC9-4CE2-425A-A70D-2B64FBA55A8C}.Release|Any CPU.ActiveCfg = Release|Any CPU
		{28658AC9-4CE2-425A-A70D-2B64FBA55A8C}.Release|Any CPU.Build.0 = Release|Any CPU
		{2E618010-995E-47B7-9DCC-33A59CA724BA}.Debug|Any CPU.ActiveCfg = Debug|Any CPU
		{2E618010-995E-47B7-9DCC-33A59CA724BA}.Debug|Any CPU.Build.0 = Debug|Any CPU
		{2E618010-995E-47B7-9DCC-33A59CA724BA}.Release|Any CPU.ActiveCfg = Release|Any CPU
		{2E618010-995E-47B7-9DCC-33A59CA724BA}.Release|Any CPU.Build.0 = Release|Any CPU
	EndGlobalSection
	GlobalSection(SolutionProperties) = preSolution
		HideSolutionNode = FALSE
	EndGlobalSection
	GlobalSection(NestedProjects) = preSolution
		{5B459D5F-F14D-409A-A1A8-50266BE83285} = {F586F902-F7A9-4C26-8AC7-FD520BF6E869}
		{1CA9993A-4808-482D-B33D-F8A2372DFDE2} = {F586F902-F7A9-4C26-8AC7-FD520BF6E869}
		{41ED6BA3-8C4F-4AF6-8632-328C4FDCC72D} = {5B459D5F-F14D-409A-A1A8-50266BE83285}
		{129F5C4D-7582-45D9-96DC-5335A1B771F3} = {5B459D5F-F14D-409A-A1A8-50266BE83285}
		{54FE3EF3-4C4A-4D0C-B49F-AA248555C333} = {5B459D5F-F14D-409A-A1A8-50266BE83285}
		{9BC21CF6-B812-4EF2-8D8C-02B9ABD7717D} = {5B459D5F-F14D-409A-A1A8-50266BE83285}
		{8C13EE26-D44A-4C10-967E-0C8BA6AD7DA0} = {1CA9993A-4808-482D-B33D-F8A2372DFDE2}
		{3968B70F-1F0A-4A7B-B60F-779355644EA1} = {1CA9993A-4808-482D-B33D-F8A2372DFDE2}
		{28658AC9-4CE2-425A-A70D-2B64FBA55A8C} = {1CA9993A-4808-482D-B33D-F8A2372DFDE2}
		{2E618010-995E-47B7-9DCC-33A59CA724BA} = {1CA9993A-4808-482D-B33D-F8A2372DFDE2}
	EndGlobalSection
	GlobalSection(ExtensibilityGlobals) = postSolution
		SolutionGuid = {0AAA9658-F25F-489F-A417-6E12F1801619}
	EndGlobalSection
EndGlobal
