
Microsoft Visual Studio Solution File, Format Version 12.00
# Visual Studio Version 16
VisualStudioVersion = 16.0.30517.126
MinimumVisualStudioVersion = 10.0.40219.1
Project("{2150E333-8FDC-42A3-9474-1A3956D46DE8}") = "Part-06", "Part-06", "{F586F902-F7A9-4C26-8AC7-FD520BF6E869}"
EndProject
Project("{2150E333-8FDC-42A3-9474-1A3956D46DE8}") = "01-Serialization", "01-Serialization", "{5B459D5F-F14D-409A-A1A8-50266BE83285}"
EndProject
Project("{2150E333-8FDC-42A3-9474-1A3956D46DE8}") = "02-Collections", "02-Collections", "{1CA9993A-4808-482D-B33D-F8A2372DFDE2}"
EndProject
Project("{FAE04EC0-301F-11D3-BF4B-00C04F79EFBC}") = "CertificacaoCSharp.Part6.BinarySerialization", "Part6\01-Serialization\BinarySerialization\CertificacaoCSharp.Part6.BinarySerialization.csproj", "{41ED6BA3-8C4F-4AF6-8632-328C4FDCC72D}"
EndProject
Project("{FAE04EC0-301F-11D3-BF4B-00C04F79EFBC}") = "CertificacaoCSharp.Part6.CustomContract", "Part6\01-Serialization\CustomContract\CertificacaoCSharp.Part6.CustomContract.csproj", "{129F5C4D-7582-45D9-96DC-5335A1B771F3}"
EndProject
Project("{FAE04EC0-301F-11D3-BF4B-00C04F79EFBC}") = "CertificacaoCSharp.Part6.DataContract", "Part6\01-Serialization\DataContract\CertificacaoCSharp.Part6.DataContract.csproj", "{54FE3EF3-4C4A-4D0C-B49F-AA248555C333}"
EndProject
Project("{FAE04EC0-301F-11D3-BF4B-00C04F79EFBC}") = "CertificacaoCSharp.Part6.JSON", "Part6\01-Serialization\JSON\CertificacaoCSharp.Part6.JSON.csproj", "{9BC21CF6-B812-4EF2-8D8C-02B9ABD7717D}"
EndProject
Global
	GlobalSection(SolutionConfigurationPlatforms) = preSolution
		Debug|Any CPU = Debug|Any CPU
		Release|Any CPU = Release|Any CPU
	EndGlobalSection
	GlobalSection(ProjectConfigurationPlatforms) = postSolution
		{41ED6BA3-8C4F-4AF6-8632-328C4FDCC72D}.Debug|Any CPU.ActiveCfg = Debug|Any CPU
		{41ED6BA3-8C4F-4AF6-8632-328C4FDCC72D}.Debug|Any CPU.Build.0 = Debug|Any CPU
		{41ED6BA3-8C4F-4AF6-8632-328C4FDCC72D}.Release|Any CPU.ActiveCfg = Release|Any CPU
		{41ED6BA3-8C4F-4AF6-8632-328C4FDCC72D}.Release|Any CPU.Build.0 = Release|Any CPU
		{129F5C4D-7582-45D9-96DC-5335A1B771F3}.Debug|Any CPU.ActiveCfg = Debug|Any CPU
		{129F5C4D-7582-45D9-96DC-5335A1B771F3}.Debug|Any CPU.Build.0 = Debug|Any CPU
		{129F5C4D-7582-45D9-96DC-5335A1B771F3}.Release|Any CPU.ActiveCfg = Release|Any CPU
		{129F5C4D-7582-45D9-96DC-5335A1B771F3}.Release|Any CPU.Build.0 = Release|Any CPU
		{54FE3EF3-4C4A-4D0C-B49F-AA248555C333}.Debug|Any CPU.ActiveCfg = Debug|Any CPU
		{54FE3EF3-4C4A-4D0C-B49F-AA248555C333}.Debug|Any CPU.Build.0 = Debug|Any CPU
		{54FE3EF3-4C4A-4D0C-B49F-AA248555C333}.Release|Any CPU.ActiveCfg = Release|Any CPU
		{54FE3EF3-4C4A-4D0C-B49F-AA248555C333}.Release|Any CPU.Build.0 = Release|Any CPU
		{9BC21CF6-B812-4EF2-8D8C-02B9ABD7717D}.Debug|Any CPU.ActiveCfg = Debug|Any CPU
		{9BC21CF6-B812-4EF2-8D8C-02B9ABD7717D}.Debug|Any CPU.Build.0 = Debug|Any CPU
		{9BC21CF6-B812-4EF2-8D8C-02B9ABD7717D}.Release|Any CPU.ActiveCfg = Release|Any CPU
		{9BC21CF6-B812-4EF2-8D8C-02B9ABD7717D}.Release|Any CPU.Build.0 = Release|Any CPU
	EndGlobalSection
	GlobalSection(SolutionProperties) = preSolution
		HideSolutionNode = FALSE
	EndGlobalSection
	GlobalSection(NestedProjects) = preSolution
		{5B459D5F-F14D-409A-A1A8-50266BE83285} = {F586F902-F7A9-4C26-8AC7-FD520BF6E869}
		{1CA9993A-4808-482D-B33D-F8A2372DFDE2} = {F586F902-F7A9-4C26-8AC7-FD520BF6E869}
		{41ED6BA3-8C4F-4AF6-8632-328C4FDCC72D} = {5B459D5F-F14D-409A-A1A8-50266BE83285}
		{129F5C4D-7582-45D9-96DC-5335A1B771F3} = {5B459D5F-F14D-409A-A1A8-50266BE83285}
		{54FE3EF3-4C4A-4D0C-B49F-AA248555C333} = {5B459D5F-F14D-409A-A1A8-50266BE83285}
		{9BC21CF6-B812-4EF2-8D8C-02B9ABD7717D} = {5B459D5F-F14D-409A-A1A8-50266BE83285}
	EndGlobalSection
	GlobalSection(ExtensibilityGlobals) = postSolution
		SolutionGuid = {0AAA9658-F25F-489F-A417-6E12F1801619}
	EndGlobalSection
EndGlobal
