
Microsoft Visual Studio Solution File, Format Version 12.00
# Visual Studio Version 16
VisualStudioVersion = 16.0.30517.126
MinimumVisualStudioVersion = 10.0.40219.1
Project("{FAE04EC0-301F-11D3-BF4B-00C04F79EFBC}") = "CertificacaoCSharp.Part6.JSON", "Part6\JSON\CertificacaoCSharp.Part6.JSON.csproj", "{9BC21CF6-B812-4EF2-8D8C-02B9ABD7717D}"
EndProject
Project("{2150E333-8FDC-42A3-9474-1A3956D46DE8}") = "Part6", "Part6", "{F586F902-F7A9-4C26-8AC7-FD520BF6E869}"
EndProject
Global
	GlobalSection(SolutionConfigurationPlatforms) = preSolution
		Debug|Any CPU = Debug|Any CPU
		Release|Any CPU = Release|Any CPU
	EndGlobalSection
	GlobalSection(ProjectConfigurationPlatforms) = postSolution
		{9BC21CF6-B812-4EF2-8D8C-02B9ABD7717D}.Debug|Any CPU.ActiveCfg = Debug|Any CPU
		{9BC21CF6-B812-4EF2-8D8C-02B9ABD7717D}.Debug|Any CPU.Build.0 = Debug|Any CPU
		{9BC21CF6-B812-4EF2-8D8C-02B9ABD7717D}.Release|Any CPU.ActiveCfg = Release|Any CPU
		{9BC21CF6-B812-4EF2-8D8C-02B9ABD7717D}.Release|Any CPU.Build.0 = Release|Any CPU
	EndGlobalSection
	GlobalSection(SolutionProperties) = preSolution
		HideSolutionNode = FALSE
	EndGlobalSection
	GlobalSection(NestedProjects) = preSolution
		{9BC21CF6-B812-4EF2-8D8C-02B9ABD7717D} = {F586F902-F7A9-4C26-8AC7-FD520BF6E869}
	EndGlobalSection
	GlobalSection(ExtensibilityGlobals) = postSolution
		SolutionGuid = {0AAA9658-F25F-489F-A417-6E12F1801619}
	EndGlobalSection
EndGlobal
